
Microsoft Visual Studio Solution File, Format Version 9.00
# Visual Studio 2005
Project("{FAE04EC0-301F-11D3-BF4B-00C04F79EFBC}") = "001", "001\001.csproj", "{C5A198D7-FC9A-4539-B2DD-5D90C9D99C94}"
EndProject
Project("{FAE04EC0-301F-11D3-BF4B-00C04F79EFBC}") = "002", "002\002.csproj", "{EEEBC2CB-3F16-41D5-9B2E-0C1699B2763C}"
EndProject
Project("{FAE04EC0-301F-11D3-BF4B-00C04F79EFBC}") = "003", "003\003.csproj", "{721B8901-34AB-4D02-A407-E95E2F7DB9E0}"
EndProject
Project("{FAE04EC0-301F-11D3-BF4B-00C04F79EFBC}") = "004", "004\004.csproj", "{B8CFE9C1-1806-4124-AF01-9206B9CDE320}"
EndProject
Project("{FAE04EC0-301F-11D3-BF4B-00C04F79EFBC}") = "005", "005\005.csproj", "{22941F46-094F-49FC-9119-F26CC8C65C92}"
EndProject
Project("{FAE04EC0-301F-11D3-BF4B-00C04F79EFBC}") = "006", "006\006.csproj", "{574C881A-F637-4973-B327-413045A41FF6}"
EndProject
Project("{FAE04EC0-301F-11D3-BF4B-00C04F79EFBC}") = "007", "007\007.csproj", "{1D3D445D-2810-4D88-90F9-AB645366DB29}"
EndProject
Project("{FAE04EC0-301F-11D3-BF4B-00C04F79EFBC}") = "008", "008\008.csproj", "{8C48A9B5-491C-497F-9ED5-690A625830A8}"
EndProject
Project("{FAE04EC0-301F-11D3-BF4B-00C04F79EFBC}") = "009", "009\009.csproj", "{718B7589-1999-4D5E-B227-D33B9D41F762}"
EndProject
Project("{FAE04EC0-301F-11D3-BF4B-00C04F79EFBC}") = "010", "010\010.csproj", "{F37B5BB1-16E7-45FD-A7AC-17D53C3D7DB2}"
EndProject
Project("{FAE04EC0-301F-11D3-BF4B-00C04F79EFBC}") = "011", "011\011.csproj", "{DD45B733-DB54-41B5-A268-0865DEF3B67F}"
EndProject
Project("{FAE04EC0-301F-11D3-BF4B-00C04F79EFBC}") = "012", "012\012.csproj", "{D29C3981-A5D6-46ED-8AA4-EB3FE7E6866D}"
EndProject
Project("{FAE04EC0-301F-11D3-BF4B-00C04F79EFBC}") = "013", "013\013.csproj", "{732F0700-52D7-4B79-A2D7-197E200E49B5}"
EndProject
Project("{FAE04EC0-301F-11D3-BF4B-00C04F79EFBC}") = "014", "014\014.csproj", "{FD403A7A-A01B-4AFA-8A6A-5595016AB8B7}"
EndProject
Project("{FAE04EC0-301F-11D3-BF4B-00C04F79EFBC}") = "015", "015\015.csproj", "{EB8437F6-75D4-4101-8D7A-6093DEF6C018}"
EndProject
Project("{FAE04EC0-301F-11D3-BF4B-00C04F79EFBC}") = "016", "016\016.csproj", "{923D8753-030B-49B6-9473-FF5A7C3B3C17}"
EndProject
Project("{FAE04EC0-301F-11D3-BF4B-00C04F79EFBC}") = "017", "017\017.csproj", "{D69E9415-DA3D-4DD1-85D3-47B32880B80F}"
EndProject
Project("{FAE04EC0-301F-11D3-BF4B-00C04F79EFBC}") = "018", "018\018.csproj", "{7299EF2E-F92A-4DEF-8091-C9E00F9FCEE3}"
EndProject
Project("{FAE04EC0-301F-11D3-BF4B-00C04F79EFBC}") = "019", "019\019.csproj", "{BB86BA5F-67BA-4258-A6ED-5F9B1172CDBE}"
EndProject
Project("{FAE04EC0-301F-11D3-BF4B-00C04F79EFBC}") = "020", "020\020.csproj", "{C298AD74-012D-44BE-A456-F6F8DEAF91B4}"
EndProject
Project("{FAE04EC0-301F-11D3-BF4B-00C04F79EFBC}") = "021", "021\021.csproj", "{02235C67-EAAE-4393-9183-5C5F87FE62C2}"
EndProject
Project("{FAE04EC0-301F-11D3-BF4B-00C04F79EFBC}") = "022", "022\022.csproj", "{72CE2917-4A1F-4F0F-993B-ECC52986B466}"
EndProject
Project("{FAE04EC0-301F-11D3-BF4B-00C04F79EFBC}") = "023", "023\023.csproj", "{675AF4A8-E81C-4757-90B6-045D04838060}"
EndProject
Project("{FAE04EC0-301F-11D3-BF4B-00C04F79EFBC}") = "024", "024\024.csproj", "{660070F6-85AD-4040-A7DE-8AF031D68897}"
EndProject
Project("{FAE04EC0-301F-11D3-BF4B-00C04F79EFBC}") = "026", "026\026.csproj", "{21B5ACD2-359C-442D-9892-5D54DFC2EA11}"
EndProject
Project("{FAE04EC0-301F-11D3-BF4B-00C04F79EFBC}") = "025", "025\025.csproj", "{14BCB84D-7D54-4F4E-BBC1-99E854503F88}"
EndProject
Project("{FAE04EC0-301F-11D3-BF4B-00C04F79EFBC}") = "027", "027\027.csproj", "{F5DC6921-A708-402F-A72D-83FF7E388A62}"
EndProject
Project("{FAE04EC0-301F-11D3-BF4B-00C04F79EFBC}") = "028", "028\028.csproj", "{3EA3D89D-1BC4-4A20-AFB8-5E822225C67B}"
EndProject
Project("{FAE04EC0-301F-11D3-BF4B-00C04F79EFBC}") = "029", "029\029.csproj", "{31172433-CB3D-4DBC-A9DF-2BBA12DE1751}"
EndProject
Global
	GlobalSection(SolutionConfigurationPlatforms) = preSolution
		Debug|Any CPU = Debug|Any CPU
		Release|Any CPU = Release|Any CPU
	EndGlobalSection
	GlobalSection(ProjectConfigurationPlatforms) = postSolution
		{C5A198D7-FC9A-4539-B2DD-5D90C9D99C94}.Debug|Any CPU.ActiveCfg = Debug|Any CPU
		{C5A198D7-FC9A-4539-B2DD-5D90C9D99C94}.Debug|Any CPU.Build.0 = Debug|Any CPU
		{C5A198D7-FC9A-4539-B2DD-5D90C9D99C94}.Release|Any CPU.ActiveCfg = Release|Any CPU
		{C5A198D7-FC9A-4539-B2DD-5D90C9D99C94}.Release|Any CPU.Build.0 = Release|Any CPU
		{EEEBC2CB-3F16-41D5-9B2E-0C1699B2763C}.Debug|Any CPU.ActiveCfg = Debug|Any CPU
		{EEEBC2CB-3F16-41D5-9B2E-0C1699B2763C}.Debug|Any CPU.Build.0 = Debug|Any CPU
		{EEEBC2CB-3F16-41D5-9B2E-0C1699B2763C}.Release|Any CPU.ActiveCfg = Release|Any CPU
		{EEEBC2CB-3F16-41D5-9B2E-0C1699B2763C}.Release|Any CPU.Build.0 = Release|Any CPU
		{721B8901-34AB-4D02-A407-E95E2F7DB9E0}.Debug|Any CPU.ActiveCfg = Debug|Any CPU
		{721B8901-34AB-4D02-A407-E95E2F7DB9E0}.Debug|Any CPU.Build.0 = Debug|Any CPU
		{721B8901-34AB-4D02-A407-E95E2F7DB9E0}.Release|Any CPU.ActiveCfg = Release|Any CPU
		{721B8901-34AB-4D02-A407-E95E2F7DB9E0}.Release|Any CPU.Build.0 = Release|Any CPU
		{B8CFE9C1-1806-4124-AF01-9206B9CDE320}.Debug|Any CPU.ActiveCfg = Debug|Any CPU
		{B8CFE9C1-1806-4124-AF01-9206B9CDE320}.Debug|Any CPU.Build.0 = Debug|Any CPU
		{B8CFE9C1-1806-4124-AF01-9206B9CDE320}.Release|Any CPU.ActiveCfg = Release|Any CPU
		{B8CFE9C1-1806-4124-AF01-9206B9CDE320}.Release|Any CPU.Build.0 = Release|Any CPU
		{22941F46-094F-49FC-9119-F26CC8C65C92}.Debug|Any CPU.ActiveCfg = Debug|Any CPU
		{22941F46-094F-49FC-9119-F26CC8C65C92}.Debug|Any CPU.Build.0 = Debug|Any CPU
		{22941F46-094F-49FC-9119-F26CC8C65C92}.Release|Any CPU.ActiveCfg = Release|Any CPU
		{22941F46-094F-49FC-9119-F26CC8C65C92}.Release|Any CPU.Build.0 = Release|Any CPU
		{574C881A-F637-4973-B327-413045A41FF6}.Debug|Any CPU.ActiveCfg = Debug|Any CPU
		{574C881A-F637-4973-B327-413045A41FF6}.Debug|Any CPU.Build.0 = Debug|Any CPU
		{574C881A-F637-4973-B327-413045A41FF6}.Release|Any CPU.ActiveCfg = Release|Any CPU
		{574C881A-F637-4973-B327-413045A41FF6}.Release|Any CPU.Build.0 = Release|Any CPU
		{1D3D445D-2810-4D88-90F9-AB645366DB29}.Debug|Any CPU.ActiveCfg = Debug|Any CPU
		{1D3D445D-2810-4D88-90F9-AB645366DB29}.Debug|Any CPU.Build.0 = Debug|Any CPU
		{1D3D445D-2810-4D88-90F9-AB645366DB29}.Release|Any CPU.ActiveCfg = Release|Any CPU
		{1D3D445D-2810-4D88-90F9-AB645366DB29}.Release|Any CPU.Build.0 = Release|Any CPU
		{8C48A9B5-491C-497F-9ED5-690A625830A8}.Debug|Any CPU.ActiveCfg = Debug|Any CPU
		{8C48A9B5-491C-497F-9ED5-690A625830A8}.Debug|Any CPU.Build.0 = Debug|Any CPU
		{8C48A9B5-491C-497F-9ED5-690A625830A8}.Release|Any CPU.ActiveCfg = Release|Any CPU
		{8C48A9B5-491C-497F-9ED5-690A625830A8}.Release|Any CPU.Build.0 = Release|Any CPU
		{718B7589-1999-4D5E-B227-D33B9D41F762}.Debug|Any CPU.ActiveCfg = Debug|Any CPU
		{718B7589-1999-4D5E-B227-D33B9D41F762}.Debug|Any CPU.Build.0 = Debug|Any CPU
		{718B7589-1999-4D5E-B227-D33B9D41F762}.Release|Any CPU.ActiveCfg = Release|Any CPU
		{718B7589-1999-4D5E-B227-D33B9D41F762}.Release|Any CPU.Build.0 = Release|Any CPU
		{F37B5BB1-16E7-45FD-A7AC-17D53C3D7DB2}.Debug|Any CPU.ActiveCfg = Debug|Any CPU
		{F37B5BB1-16E7-45FD-A7AC-17D53C3D7DB2}.Debug|Any CPU.Build.0 = Debug|Any CPU
		{F37B5BB1-16E7-45FD-A7AC-17D53C3D7DB2}.Release|Any CPU.ActiveCfg = Release|Any CPU
		{F37B5BB1-16E7-45FD-A7AC-17D53C3D7DB2}.Release|Any CPU.Build.0 = Release|Any CPU
		{DD45B733-DB54-41B5-A268-0865DEF3B67F}.Debug|Any CPU.ActiveCfg = Debug|Any CPU
		{DD45B733-DB54-41B5-A268-0865DEF3B67F}.Debug|Any CPU.Build.0 = Debug|Any CPU
		{DD45B733-DB54-41B5-A268-0865DEF3B67F}.Release|Any CPU.ActiveCfg = Release|Any CPU
		{DD45B733-DB54-41B5-A268-0865DEF3B67F}.Release|Any CPU.Build.0 = Release|Any CPU
		{D29C3981-A5D6-46ED-8AA4-EB3FE7E6866D}.Debug|Any CPU.ActiveCfg = Debug|Any CPU
		{D29C3981-A5D6-46ED-8AA4-EB3FE7E6866D}.Debug|Any CPU.Build.0 = Debug|Any CPU
		{D29C3981-A5D6-46ED-8AA4-EB3FE7E6866D}.Release|Any CPU.ActiveCfg = Release|Any CPU
		{D29C3981-A5D6-46ED-8AA4-EB3FE7E6866D}.Release|Any CPU.Build.0 = Release|Any CPU
		{732F0700-52D7-4B79-A2D7-197E200E49B5}.Debug|Any CPU.ActiveCfg = Debug|Any CPU
		{732F0700-52D7-4B79-A2D7-197E200E49B5}.Debug|Any CPU.Build.0 = Debug|Any CPU
		{732F0700-52D7-4B79-A2D7-197E200E49B5}.Release|Any CPU.ActiveCfg = Release|Any CPU
		{732F0700-52D7-4B79-A2D7-197E200E49B5}.Release|Any CPU.Build.0 = Release|Any CPU
		{FD403A7A-A01B-4AFA-8A6A-5595016AB8B7}.Debug|Any CPU.ActiveCfg = Debug|Any CPU
		{FD403A7A-A01B-4AFA-8A6A-5595016AB8B7}.Debug|Any CPU.Build.0 = Debug|Any CPU
		{FD403A7A-A01B-4AFA-8A6A-5595016AB8B7}.Release|Any CPU.ActiveCfg = Release|Any CPU
		{FD403A7A-A01B-4AFA-8A6A-5595016AB8B7}.Release|Any CPU.Build.0 = Release|Any CPU
		{EB8437F6-75D4-4101-8D7A-6093DEF6C018}.Debug|Any CPU.ActiveCfg = Debug|Any CPU
		{EB8437F6-75D4-4101-8D7A-6093DEF6C018}.Debug|Any CPU.Build.0 = Debug|Any CPU
		{EB8437F6-75D4-4101-8D7A-6093DEF6C018}.Release|Any CPU.ActiveCfg = Release|Any CPU
		{EB8437F6-75D4-4101-8D7A-6093DEF6C018}.Release|Any CPU.Build.0 = Release|Any CPU
		{923D8753-030B-49B6-9473-FF5A7C3B3C17}.Debug|Any CPU.ActiveCfg = Debug|Any CPU
		{923D8753-030B-49B6-9473-FF5A7C3B3C17}.Debug|Any CPU.Build.0 = Debug|Any CPU
		{923D8753-030B-49B6-9473-FF5A7C3B3C17}.Release|Any CPU.ActiveCfg = Release|Any CPU
		{923D8753-030B-49B6-9473-FF5A7C3B3C17}.Release|Any CPU.Build.0 = Release|Any CPU
		{D69E9415-DA3D-4DD1-85D3-47B32880B80F}.Debug|Any CPU.ActiveCfg = Debug|Any CPU
		{D69E9415-DA3D-4DD1-85D3-47B32880B80F}.Debug|Any CPU.Build.0 = Debug|Any CPU
		{D69E9415-DA3D-4DD1-85D3-47B32880B80F}.Release|Any CPU.ActiveCfg = Release|Any CPU
		{D69E9415-DA3D-4DD1-85D3-47B32880B80F}.Release|Any CPU.Build.0 = Release|Any CPU
		{7299EF2E-F92A-4DEF-8091-C9E00F9FCEE3}.Debug|Any CPU.ActiveCfg = Debug|Any CPU
		{7299EF2E-F92A-4DEF-8091-C9E00F9FCEE3}.Debug|Any CPU.Build.0 = Debug|Any CPU
		{7299EF2E-F92A-4DEF-8091-C9E00F9FCEE3}.Release|Any CPU.ActiveCfg = Release|Any CPU
		{7299EF2E-F92A-4DEF-8091-C9E00F9FCEE3}.Release|Any CPU.Build.0 = Release|Any CPU
		{BB86BA5F-67BA-4258-A6ED-5F9B1172CDBE}.Debug|Any CPU.ActiveCfg = Debug|Any CPU
		{BB86BA5F-67BA-4258-A6ED-5F9B1172CDBE}.Debug|Any CPU.Build.0 = Debug|Any CPU
		{BB86BA5F-67BA-4258-A6ED-5F9B1172CDBE}.Release|Any CPU.ActiveCfg = Release|Any CPU
		{BB86BA5F-67BA-4258-A6ED-5F9B1172CDBE}.Release|Any CPU.Build.0 = Release|Any CPU
		{C298AD74-012D-44BE-A456-F6F8DEAF91B4}.Debug|Any CPU.ActiveCfg = Debug|Any CPU
		{C298AD74-012D-44BE-A456-F6F8DEAF91B4}.Debug|Any CPU.Build.0 = Debug|Any CPU
		{C298AD74-012D-44BE-A456-F6F8DEAF91B4}.Release|Any CPU.ActiveCfg = Release|Any CPU
		{C298AD74-012D-44BE-A456-F6F8DEAF91B4}.Release|Any CPU.Build.0 = Release|Any CPU
		{02235C67-EAAE-4393-9183-5C5F87FE62C2}.Debug|Any CPU.ActiveCfg = Debug|Any CPU
		{02235C67-EAAE-4393-9183-5C5F87FE62C2}.Debug|Any CPU.Build.0 = Debug|Any CPU
		{02235C67-EAAE-4393-9183-5C5F87FE62C2}.Release|Any CPU.ActiveCfg = Release|Any CPU
		{02235C67-EAAE-4393-9183-5C5F87FE62C2}.Release|Any CPU.Build.0 = Release|Any CPU
		{72CE2917-4A1F-4F0F-993B-ECC52986B466}.Debug|Any CPU.ActiveCfg = Debug|Any CPU
		{72CE2917-4A1F-4F0F-993B-ECC52986B466}.Debug|Any CPU.Build.0 = Debug|Any CPU
		{72CE2917-4A1F-4F0F-993B-ECC52986B466}.Release|Any CPU.ActiveCfg = Release|Any CPU
		{72CE2917-4A1F-4F0F-993B-ECC52986B466}.Release|Any CPU.Build.0 = Release|Any CPU
		{675AF4A8-E81C-4757-90B6-045D04838060}.Debug|Any CPU.ActiveCfg = Debug|Any CPU
		{675AF4A8-E81C-4757-90B6-045D04838060}.Debug|Any CPU.Build.0 = Debug|Any CPU
		{675AF4A8-E81C-4757-90B6-045D04838060}.Release|Any CPU.ActiveCfg = Release|Any CPU
		{675AF4A8-E81C-4757-90B6-045D04838060}.Release|Any CPU.Build.0 = Release|Any CPU
		{660070F6-85AD-4040-A7DE-8AF031D68897}.Debug|Any CPU.ActiveCfg = Debug|Any CPU
		{660070F6-85AD-4040-A7DE-8AF031D68897}.Debug|Any CPU.Build.0 = Debug|Any CPU
		{660070F6-85AD-4040-A7DE-8AF031D68897}.Release|Any CPU.ActiveCfg = Release|Any CPU
		{660070F6-85AD-4040-A7DE-8AF031D68897}.Release|Any CPU.Build.0 = Release|Any CPU
		{21B5ACD2-359C-442D-9892-5D54DFC2EA11}.Debug|Any CPU.ActiveCfg = Debug|Any CPU
		{21B5ACD2-359C-442D-9892-5D54DFC2EA11}.Debug|Any CPU.Build.0 = Debug|Any CPU
		{21B5ACD2-359C-442D-9892-5D54DFC2EA11}.Release|Any CPU.ActiveCfg = Release|Any CPU
		{21B5ACD2-359C-442D-9892-5D54DFC2EA11}.Release|Any CPU.Build.0 = Release|Any CPU
		{14BCB84D-7D54-4F4E-BBC1-99E854503F88}.Debug|Any CPU.ActiveCfg = Debug|Any CPU
		{14BCB84D-7D54-4F4E-BBC1-99E854503F88}.Debug|Any CPU.Build.0 = Debug|Any CPU
		{14BCB84D-7D54-4F4E-BBC1-99E854503F88}.Release|Any CPU.ActiveCfg = Release|Any CPU
		{14BCB84D-7D54-4F4E-BBC1-99E854503F88}.Release|Any CPU.Build.0 = Release|Any CPU
		{F5DC6921-A708-402F-A72D-83FF7E388A62}.Debug|Any CPU.ActiveCfg = Debug|Any CPU
		{F5DC6921-A708-402F-A72D-83FF7E388A62}.Debug|Any CPU.Build.0 = Debug|Any CPU
		{F5DC6921-A708-402F-A72D-83FF7E388A62}.Release|Any CPU.ActiveCfg = Release|Any CPU
		{F5DC6921-A708-402F-A72D-83FF7E388A62}.Release|Any CPU.Build.0 = Release|Any CPU
		{3EA3D89D-1BC4-4A20-AFB8-5E822225C67B}.Debug|Any CPU.ActiveCfg = Debug|Any CPU
		{3EA3D89D-1BC4-4A20-AFB8-5E822225C67B}.Debug|Any CPU.Build.0 = Debug|Any CPU
		{3EA3D89D-1BC4-4A20-AFB8-5E822225C67B}.Release|Any CPU.ActiveCfg = Release|Any CPU
		{3EA3D89D-1BC4-4A20-AFB8-5E822225C67B}.Release|Any CPU.Build.0 = Release|Any CPU
		{31172433-CB3D-4DBC-A9DF-2BBA12DE1751}.Debug|Any CPU.ActiveCfg = Debug|Any CPU
		{31172433-CB3D-4DBC-A9DF-2BBA12DE1751}.Debug|Any CPU.Build.0 = Debug|Any CPU
		{31172433-CB3D-4DBC-A9DF-2BBA12DE1751}.Release|Any CPU.ActiveCfg = Release|Any CPU
		{31172433-CB3D-4DBC-A9DF-2BBA12DE1751}.Release|Any CPU.Build.0 = Release|Any CPU
	EndGlobalSection
	GlobalSection(SolutionProperties) = preSolution
		HideSolutionNode = FALSE
	EndGlobalSection
EndGlobal
