
Microsoft Visual Studio Solution File, Format Version 9.00
# Visual Studio 2005
Project("{FAE04EC0-301F-11D3-BF4B-00C04F79EFBC}") = "EquationClientSoket", "EquationClientSoket\EquationClientSoket.csproj", "{EAA21321-002F-48B7-A9D1-4D8C9EF10337}"
EndProject
Project("{FAE04EC0-301F-11D3-BF4B-00C04F79EFBC}") = "EquationClientSocketPPC", "EquationClientSocketPPC\EquationClientSocketPPC.csproj", "{0DD93F30-7DA0-4325-9FF7-08D4A88D5D39}"
EndProject
Global
	GlobalSection(SolutionConfigurationPlatforms) = preSolution
		Debug|Any CPU = Debug|Any CPU
		Release|Any CPU = Release|Any CPU
	EndGlobalSection
	GlobalSection(ProjectConfigurationPlatforms) = postSolution
		{EAA21321-002F-48B7-A9D1-4D8C9EF10337}.Debug|Any CPU.ActiveCfg = Debug|Any CPU
		{EAA21321-002F-48B7-A9D1-4D8C9EF10337}.Debug|Any CPU.Build.0 = Debug|Any CPU
		{EAA21321-002F-48B7-A9D1-4D8C9EF10337}.Release|Any CPU.ActiveCfg = Release|Any CPU
		{EAA21321-002F-48B7-A9D1-4D8C9EF10337}.Release|Any CPU.Build.0 = Release|Any CPU
		{0DD93F30-7DA0-4325-9FF7-08D4A88D5D39}.Debug|Any CPU.ActiveCfg = Debug|Any CPU
		{0DD93F30-7DA0-4325-9FF7-08D4A88D5D39}.Debug|Any CPU.Build.0 = Debug|Any CPU
		{0DD93F30-7DA0-4325-9FF7-08D4A88D5D39}.Debug|Any CPU.Deploy.0 = Debug|Any CPU
		{0DD93F30-7DA0-4325-9FF7-08D4A88D5D39}.Release|Any CPU.ActiveCfg = Release|Any CPU
		{0DD93F30-7DA0-4325-9FF7-08D4A88D5D39}.Release|Any CPU.Build.0 = Release|Any CPU
		{0DD93F30-7DA0-4325-9FF7-08D4A88D5D39}.Release|Any CPU.Deploy.0 = Release|Any CPU
	EndGlobalSection
	GlobalSection(SolutionProperties) = preSolution
		HideSolutionNode = FALSE
	EndGlobalSection
EndGlobal
