
Microsoft Visual Studio Solution File, Format Version 9.00
# Visual Studio 2005
Project("{FAE04EC0-301F-11D3-BF4B-00C04F79EFBC}") = "Bai1", "Bai1\Bai1.csproj", "{379A817E-8386-481D-B54E-CBBCFD71F3FB}"
EndProject
Project("{FAE04EC0-301F-11D3-BF4B-00C04F79EFBC}") = "Bai2", "Bai2\Bai2.csproj", "{938D193C-B899-4CD4-A474-5E73B466C76D}"
EndProject
Project("{FAE04EC0-301F-11D3-BF4B-00C04F79EFBC}") = "Bai3", "Bai3\Bai3.csproj", "{89221D21-D052-46CD-ADD3-CB842D58B919}"
EndProject
Project("{FAE04EC0-301F-11D3-BF4B-00C04F79EFBC}") = "Bai9", "Bai9\Bai9\Bai9.csproj", "{A1DF0CB8-5143-499F-96B2-D30FBDDB6826}"
EndProject
Global
	GlobalSection(SolutionConfigurationPlatforms) = preSolution
		Debug|Any CPU = Debug|Any CPU
		Release|Any CPU = Release|Any CPU
	EndGlobalSection
	GlobalSection(ProjectConfigurationPlatforms) = postSolution
		{379A817E-8386-481D-B54E-CBBCFD71F3FB}.Debug|Any CPU.ActiveCfg = Debug|Any CPU
		{379A817E-8386-481D-B54E-CBBCFD71F3FB}.Debug|Any CPU.Build.0 = Debug|Any CPU
		{379A817E-8386-481D-B54E-CBBCFD71F3FB}.Release|Any CPU.ActiveCfg = Release|Any CPU
		{379A817E-8386-481D-B54E-CBBCFD71F3FB}.Release|Any CPU.Build.0 = Release|Any CPU
		{938D193C-B899-4CD4-A474-5E73B466C76D}.Debug|Any CPU.ActiveCfg = Debug|Any CPU
		{938D193C-B899-4CD4-A474-5E73B466C76D}.Debug|Any CPU.Build.0 = Debug|Any CPU
		{938D193C-B899-4CD4-A474-5E73B466C76D}.Release|Any CPU.ActiveCfg = Release|Any CPU
		{938D193C-B899-4CD4-A474-5E73B466C76D}.Release|Any CPU.Build.0 = Release|Any CPU
		{89221D21-D052-46CD-ADD3-CB842D58B919}.Debug|Any CPU.ActiveCfg = Debug|Any CPU
		{89221D21-D052-46CD-ADD3-CB842D58B919}.Debug|Any CPU.Build.0 = Debug|Any CPU
		{89221D21-D052-46CD-ADD3-CB842D58B919}.Release|Any CPU.ActiveCfg = Release|Any CPU
		{89221D21-D052-46CD-ADD3-CB842D58B919}.Release|Any CPU.Build.0 = Release|Any CPU
		{A1DF0CB8-5143-499F-96B2-D30FBDDB6826}.Debug|Any CPU.ActiveCfg = Debug|Any CPU
		{A1DF0CB8-5143-499F-96B2-D30FBDDB6826}.Debug|Any CPU.Build.0 = Debug|Any CPU
		{A1DF0CB8-5143-499F-96B2-D30FBDDB6826}.Release|Any CPU.ActiveCfg = Release|Any CPU
		{A1DF0CB8-5143-499F-96B2-D30FBDDB6826}.Release|Any CPU.Build.0 = Release|Any CPU
	EndGlobalSection
	GlobalSection(SolutionProperties) = preSolution
		HideSolutionNode = FALSE
	EndGlobalSection
EndGlobal
