
Microsoft Visual Studio Solution File, Format Version 9.00
# Visual Studio 2005
Project("{F184B08F-C81C-45F6-A57F-5ABD9991F28F}") = "Bai001", "Bai001\Bai001.vbproj", "{31DB81D3-3F3A-4189-9673-49D4831F0524}"
EndProject
Project("{F184B08F-C81C-45F6-A57F-5ABD9991F28F}") = "Bai002", "Bai002\Bai002.vbproj", "{6E4DAA11-7B7A-49ED-BA74-D2BBE190C478}"
EndProject
Project("{F184B08F-C81C-45F6-A57F-5ABD9991F28F}") = "Bai003", "Bai003\Bai003.vbproj", "{8AE84012-14C4-40EB-B184-80FDC21FBF51}"
EndProject
Project("{F184B08F-C81C-45F6-A57F-5ABD9991F28F}") = "Bai004", "Bai004\Bai004.vbproj", "{A491EF80-BF99-49A6-9BC1-A0E87BD8EB99}"
EndProject
Project("{F184B08F-C81C-45F6-A57F-5ABD9991F28F}") = "Bai005", "Bai005\Bai005.vbproj", "{28781814-4562-47A5-A357-032E6918FC73}"
EndProject
Project("{F184B08F-C81C-45F6-A57F-5ABD9991F28F}") = "Bai006", "Bai006\Bai006.vbproj", "{47FA4FF5-7F70-46EB-B54C-0502AC1C6080}"
EndProject
Project("{F184B08F-C81C-45F6-A57F-5ABD9991F28F}") = "Bai007", "Bai007\Bai007.vbproj", "{02B3AE9D-B6DC-4794-BBDA-081E4989CBC4}"
EndProject
Project("{F184B08F-C81C-45F6-A57F-5ABD9991F28F}") = "Bai008", "Bai008\Bai008.vbproj", "{1C55275B-7D20-40E0-81EA-37F4822729CC}"
EndProject
Project("{F184B08F-C81C-45F6-A57F-5ABD9991F28F}") = "Bai009", "Bai009\Bai009.vbproj", "{B8B04816-2993-4C40-9FED-97A6F1E536E3}"
EndProject
Project("{F184B08F-C81C-45F6-A57F-5ABD9991F28F}") = "Bai010", "Bai010\Bai010.vbproj", "{5087D5BB-A430-486B-A5E5-624A9502C89E}"
EndProject
Project("{F184B08F-C81C-45F6-A57F-5ABD9991F28F}") = "Bai011", "Bai011\Bai011.vbproj", "{B31A9B66-29FA-4889-A4AA-70F03E19DBD1}"
EndProject
Project("{F184B08F-C81C-45F6-A57F-5ABD9991F28F}") = "Bai012", "Bai012\Bai012.vbproj", "{81A9E3F9-A45E-4C61-A921-4003ADF38817}"
EndProject
Project("{F184B08F-C81C-45F6-A57F-5ABD9991F28F}") = "Bai013", "Bai013\Bai013.vbproj", "{A1F1587E-0E01-483F-ADA3-426D3B7AEF3A}"
EndProject
Project("{F184B08F-C81C-45F6-A57F-5ABD9991F28F}") = "Bai014", "Bai014\Bai014.vbproj", "{879150C0-D814-4DE9-9F0F-7A4319CD290A}"
EndProject
Project("{F184B08F-C81C-45F6-A57F-5ABD9991F28F}") = "Bai015", "Bai015\Bai015.vbproj", "{2AB9018C-B150-477B-B8E3-4CE07394F7C9}"
EndProject
Project("{F184B08F-C81C-45F6-A57F-5ABD9991F28F}") = "Bai016", "Bai016\Bai016.vbproj", "{E7536C22-6287-4A8E-8E3C-043F13C2ECE0}"
EndProject
Project("{F184B08F-C81C-45F6-A57F-5ABD9991F28F}") = "Bai017", "Bai017\Bai017.vbproj", "{F8DF77D7-7949-43B8-8D48-1A695ABF45FB}"
EndProject
Project("{F184B08F-C81C-45F6-A57F-5ABD9991F28F}") = "Bai018", "Bai018\Bai018.vbproj", "{E85747CD-6AA4-48DE-B377-DB6CE51BCAA4}"
EndProject
Project("{F184B08F-C81C-45F6-A57F-5ABD9991F28F}") = "Bai019", "Bai019\Bai019.vbproj", "{969ADC43-F44A-401A-855E-6942884AF436}"
EndProject
Project("{F184B08F-C81C-45F6-A57F-5ABD9991F28F}") = "Bai020", "Bai020\Bai020.vbproj", "{316DBACA-465C-4856-9B5C-55546C475D0F}"
EndProject
Project("{F184B08F-C81C-45F6-A57F-5ABD9991F28F}") = "Bai021", "Bai021\Bai021.vbproj", "{22E38C2A-D3C5-412B-B828-919A2BE0E581}"
EndProject
Project("{F184B08F-C81C-45F6-A57F-5ABD9991F28F}") = "Bai022", "Bai022\Bai022.vbproj", "{0B2A2B46-349E-4ED4-997A-3C92B68DB211}"
EndProject
Project("{F184B08F-C81C-45F6-A57F-5ABD9991F28F}") = "Bai023", "Bai023\Bai023.vbproj", "{43A08840-CA94-4C48-9244-5F5FDA494963}"
EndProject
Project("{F184B08F-C81C-45F6-A57F-5ABD9991F28F}") = "Bai024", "Bai024\Bai024.vbproj", "{E525F58A-FC67-4C11-921B-49A277796AC8}"
EndProject
Project("{F184B08F-C81C-45F6-A57F-5ABD9991F28F}") = "Bai025", "Bai025\Bai025.vbproj", "{2B9B73CD-CAB6-4B18-ADB9-AEBF3C8AC5A4}"
EndProject
Project("{F184B08F-C81C-45F6-A57F-5ABD9991F28F}") = "Bai026", "Bai026\Bai026.vbproj", "{D04C48D9-9C16-493F-91F9-4FE7ED230B98}"
EndProject
Project("{F184B08F-C81C-45F6-A57F-5ABD9991F28F}") = "Bai027", "Bai027\Bai027.vbproj", "{713EC014-198B-48B5-8D90-AE7885D3B759}"
EndProject
Project("{F184B08F-C81C-45F6-A57F-5ABD9991F28F}") = "Bai028", "Bai028\Bai028.vbproj", "{C416458E-BA3B-4EE0-8D76-8311AD897350}"
EndProject
Project("{F184B08F-C81C-45F6-A57F-5ABD9991F28F}") = "Bai029", "Bai029\Bai029.vbproj", "{E5A9A4FB-8BDD-438B-B44F-DBDCBEA81E7E}"
EndProject
Project("{F184B08F-C81C-45F6-A57F-5ABD9991F28F}") = "Bai030", "Bai030\Bai030.vbproj", "{C1B8505F-D028-4065-BDD8-423310BD0BC6}"
EndProject
Project("{F184B08F-C81C-45F6-A57F-5ABD9991F28F}") = "Bai031", "Bai031\Bai031.vbproj", "{83A40850-DF40-4D61-BE50-C9805B7CA57F}"
EndProject
Project("{F184B08F-C81C-45F6-A57F-5ABD9991F28F}") = "Bai032", "Bai032\Bai032.vbproj", "{1B6F1B10-312E-41FC-8A64-462D72025969}"
EndProject
Project("{F184B08F-C81C-45F6-A57F-5ABD9991F28F}") = "Bai033", "Bai033\Bai033.vbproj", "{A13FB97B-6F5A-4960-A595-7659AA66F8CC}"
EndProject
Project("{F184B08F-C81C-45F6-A57F-5ABD9991F28F}") = "Bai034", "Bai034\Bai034.vbproj", "{07C24388-1BEA-42E9-A4CE-5E94C220DFA6}"
EndProject
Project("{F184B08F-C81C-45F6-A57F-5ABD9991F28F}") = "Bai036", "Bai036\Bai036.vbproj", "{E5926236-27E1-4BAA-9758-CDF5E69F4617}"
EndProject
Project("{F184B08F-C81C-45F6-A57F-5ABD9991F28F}") = "Bai035", "Bai035\Bai035.vbproj", "{46719DFE-7F02-4ED3-ACB3-D858C8DCA437}"
EndProject
Project("{F184B08F-C81C-45F6-A57F-5ABD9991F28F}") = "Bai037", "Bai037\Bai037.vbproj", "{101DCFF9-3953-4E84-8536-537EE830D26E}"
EndProject
Project("{F184B08F-C81C-45F6-A57F-5ABD9991F28F}") = "Bai038", "Bai038\Bai038.vbproj", "{6E1B7A0A-152A-4F7D-B7EE-D0C375418A48}"
EndProject
Project("{F184B08F-C81C-45F6-A57F-5ABD9991F28F}") = "Bai039", "Bai039\Bai039.vbproj", "{411C62B2-EDAB-42D8-873B-09DA3DBF0557}"
EndProject
Project("{F184B08F-C81C-45F6-A57F-5ABD9991F28F}") = "Bai040", "Bai040\Bai040.vbproj", "{B5371F38-494F-4EEC-8D5C-E48CA86C49E0}"
EndProject
Project("{F184B08F-C81C-45F6-A57F-5ABD9991F28F}") = "Bai041", "Bai041\Bai041.vbproj", "{B855E9B3-6005-4DD7-8D43-32FE6D344F3C}"
EndProject
Project("{F184B08F-C81C-45F6-A57F-5ABD9991F28F}") = "Bai042", "Bai042\Bai042.vbproj", "{1862F338-A714-4D17-B8B6-DB7B9817FDD5}"
EndProject
Project("{F184B08F-C81C-45F6-A57F-5ABD9991F28F}") = "Bai043", "Bai043\Bai043.vbproj", "{153282F8-A33B-40F2-9B81-3F839F66FA54}"
EndProject
Project("{F184B08F-C81C-45F6-A57F-5ABD9991F28F}") = "Bai044", "Bai044\Bai044.vbproj", "{BCE311F5-855A-4CA4-8EF6-34E2920B2521}"
EndProject
Project("{F184B08F-C81C-45F6-A57F-5ABD9991F28F}") = "Bai045", "Bai045\Bai045.vbproj", "{3F6BF014-510D-4309-8064-A9315214E5E4}"
EndProject
Project("{F184B08F-C81C-45F6-A57F-5ABD9991F28F}") = "Bai046", "Bai046\Bai046.vbproj", "{9BDE8B27-7633-42C4-9A40-0C543956A8FE}"
EndProject
Project("{F184B08F-C81C-45F6-A57F-5ABD9991F28F}") = "Bai047", "Bai047\Bai047.vbproj", "{A6824487-98FD-46E6-AD51-BD393E8F4438}"
EndProject
Project("{F184B08F-C81C-45F6-A57F-5ABD9991F28F}") = "Bai048", "Bai048\Bai048.vbproj", "{B5F98F5F-752A-4779-BAD3-5AAE3FE947DD}"
EndProject
Project("{F184B08F-C81C-45F6-A57F-5ABD9991F28F}") = "Bai049", "Bai049\Bai049.vbproj", "{17F478D9-BC8E-48A7-BB87-AE6F6631484F}"
EndProject
Project("{F184B08F-C81C-45F6-A57F-5ABD9991F28F}") = "Bai050", "Bai050\Bai050.vbproj", "{3E62AA6C-6B3D-4E05-A39D-2960EB08A088}"
EndProject
Project("{F184B08F-C81C-45F6-A57F-5ABD9991F28F}") = "Bai051", "Bai051\Bai051.vbproj", "{7F1C4A51-DDD5-4DEA-83CA-DE4FAF62C5A8}"
EndProject
Project("{F184B08F-C81C-45F6-A57F-5ABD9991F28F}") = "Bai052", "Bai052\Bai052.vbproj", "{9CF542FB-1AE0-45F0-8FDE-4704E141BB93}"
EndProject
Project("{F184B08F-C81C-45F6-A57F-5ABD9991F28F}") = "Bai053", "Bai053\Bai053.vbproj", "{9B483339-2B3E-4E8C-A519-030A8C07EC65}"
EndProject
Project("{F184B08F-C81C-45F6-A57F-5ABD9991F28F}") = "Bai054", "Bai054\Bai054.vbproj", "{07B93429-0AD5-482A-A932-743EE7DA2352}"
EndProject
Project("{F184B08F-C81C-45F6-A57F-5ABD9991F28F}") = "Bai055", "Bai055\Bai055.vbproj", "{1BF03EE0-2B32-4D07-B65C-11C18FB42FDF}"
EndProject
Project("{F184B08F-C81C-45F6-A57F-5ABD9991F28F}") = "Bai056", "Bai056\Bai056.vbproj", "{B7068EF2-514B-4550-ABCD-2880B0A40FE9}"
EndProject
Project("{F184B08F-C81C-45F6-A57F-5ABD9991F28F}") = "Bai057", "Bai057\Bai057.vbproj", "{5E98BC12-0602-41E9-9758-B8103DDEEE30}"
EndProject
Project("{F184B08F-C81C-45F6-A57F-5ABD9991F28F}") = "Bai058", "Bai058\Bai058.vbproj", "{D2D47E15-5F2B-40B9-A0AA-14C561073B2D}"
EndProject
Project("{F184B08F-C81C-45F6-A57F-5ABD9991F28F}") = "Bai059", "Bai059\Bai059.vbproj", "{815A0C19-8B3F-46DD-B0CD-FB868366CF04}"
EndProject
Project("{F184B08F-C81C-45F6-A57F-5ABD9991F28F}") = "Bai060", "Bai060\Bai060.vbproj", "{1FF28F26-0048-4938-B292-1A307DA11946}"
EndProject
Project("{F184B08F-C81C-45F6-A57F-5ABD9991F28F}") = "Bai061", "Bai061\Bai061.vbproj", "{3B7E1A53-8B6A-4BB5-AA80-96B1443A5A56}"
EndProject
Project("{F184B08F-C81C-45F6-A57F-5ABD9991F28F}") = "Bai062", "Bai062\Bai062.vbproj", "{FC6769AA-6C74-4ABF-BA7D-F78C1B81DF81}"
EndProject
Project("{F184B08F-C81C-45F6-A57F-5ABD9991F28F}") = "Bai063", "Bai063\Bai063.vbproj", "{A841D326-067F-458D-B590-58D19B8D1F46}"
EndProject
Project("{F184B08F-C81C-45F6-A57F-5ABD9991F28F}") = "Bai064", "Bai064\Bai064.vbproj", "{B404473B-62B2-4175-9B37-EDE51D6440F4}"
EndProject
Project("{F184B08F-C81C-45F6-A57F-5ABD9991F28F}") = "Bai065", "Bai065\Bai065.vbproj", "{12AE2C59-503D-4B50-99A8-1E455A9B3CD7}"
EndProject
Project("{F184B08F-C81C-45F6-A57F-5ABD9991F28F}") = "Bai066", "Bai066\Bai066.vbproj", "{0D2FC7FC-A8DA-4256-8DA8-1FA155EAEF9E}"
EndProject
Project("{F184B08F-C81C-45F6-A57F-5ABD9991F28F}") = "Bai067", "Bai067\Bai067.vbproj", "{07BDBC18-76B4-45F6-861A-0DD07C6476AE}"
EndProject
Project("{F184B08F-C81C-45F6-A57F-5ABD9991F28F}") = "Bai068", "Bai068\Bai068.vbproj", "{987A012A-71BC-4D31-857F-5A22D1A6A0EE}"
EndProject
Project("{F184B08F-C81C-45F6-A57F-5ABD9991F28F}") = "Bai069", "Bai069\Bai069.vbproj", "{653FF6DE-2E14-4F9C-ACCB-EBE560ED3F62}"
EndProject
Project("{F184B08F-C81C-45F6-A57F-5ABD9991F28F}") = "Bai070", "Bai070\Bai070.vbproj", "{815F508A-B5E8-4BF3-81D3-B8841068ED16}"
EndProject
Project("{F184B08F-C81C-45F6-A57F-5ABD9991F28F}") = "Bai071", "Bai071\Bai071.vbproj", "{BB05B378-4354-4E11-B773-8BCE481991B8}"
EndProject
Project("{F184B08F-C81C-45F6-A57F-5ABD9991F28F}") = "Bai072", "Bai072\Bai072.vbproj", "{C903F662-785B-4938-B75B-D8DDB2A6997D}"
EndProject
Project("{F184B08F-C81C-45F6-A57F-5ABD9991F28F}") = "Bai073", "Bai073\Bai073.vbproj", "{ED55CAC6-94D4-4294-B95D-657E8125ED11}"
EndProject
Project("{F184B08F-C81C-45F6-A57F-5ABD9991F28F}") = "Bai074", "Bai074\Bai074.vbproj", "{D70AFC1F-43C6-4677-9C3D-D232536D4CC6}"
EndProject
Project("{F184B08F-C81C-45F6-A57F-5ABD9991F28F}") = "Bai075", "Bai075\Bai075.vbproj", "{4CE1F18D-BDD5-4616-87FB-3CD64B5A9230}"
EndProject
Project("{F184B08F-C81C-45F6-A57F-5ABD9991F28F}") = "Bai076", "Bai076\Bai076.vbproj", "{E2D069FF-E343-4956-8BB3-6B982B75CDFE}"
EndProject
Global
	GlobalSection(SolutionConfigurationPlatforms) = preSolution
		Debug|Any CPU = Debug|Any CPU
		Release|Any CPU = Release|Any CPU
	EndGlobalSection
	GlobalSection(ProjectConfigurationPlatforms) = postSolution
		{31DB81D3-3F3A-4189-9673-49D4831F0524}.Debug|Any CPU.ActiveCfg = Debug|Any CPU
		{31DB81D3-3F3A-4189-9673-49D4831F0524}.Debug|Any CPU.Build.0 = Debug|Any CPU
		{31DB81D3-3F3A-4189-9673-49D4831F0524}.Release|Any CPU.ActiveCfg = Release|Any CPU
		{31DB81D3-3F3A-4189-9673-49D4831F0524}.Release|Any CPU.Build.0 = Release|Any CPU
		{6E4DAA11-7B7A-49ED-BA74-D2BBE190C478}.Debug|Any CPU.ActiveCfg = Debug|Any CPU
		{6E4DAA11-7B7A-49ED-BA74-D2BBE190C478}.Debug|Any CPU.Build.0 = Debug|Any CPU
		{6E4DAA11-7B7A-49ED-BA74-D2BBE190C478}.Release|Any CPU.ActiveCfg = Release|Any CPU
		{6E4DAA11-7B7A-49ED-BA74-D2BBE190C478}.Release|Any CPU.Build.0 = Release|Any CPU
		{8AE84012-14C4-40EB-B184-80FDC21FBF51}.Debug|Any CPU.ActiveCfg = Debug|Any CPU
		{8AE84012-14C4-40EB-B184-80FDC21FBF51}.Debug|Any CPU.Build.0 = Debug|Any CPU
		{8AE84012-14C4-40EB-B184-80FDC21FBF51}.Release|Any CPU.ActiveCfg = Release|Any CPU
		{8AE84012-14C4-40EB-B184-80FDC21FBF51}.Release|Any CPU.Build.0 = Release|Any CPU
		{A491EF80-BF99-49A6-9BC1-A0E87BD8EB99}.Debug|Any CPU.ActiveCfg = Debug|Any CPU
		{A491EF80-BF99-49A6-9BC1-A0E87BD8EB99}.Debug|Any CPU.Build.0 = Debug|Any CPU
		{A491EF80-BF99-49A6-9BC1-A0E87BD8EB99}.Release|Any CPU.ActiveCfg = Release|Any CPU
		{A491EF80-BF99-49A6-9BC1-A0E87BD8EB99}.Release|Any CPU.Build.0 = Release|Any CPU
		{28781814-4562-47A5-A357-032E6918FC73}.Debug|Any CPU.ActiveCfg = Debug|Any CPU
		{28781814-4562-47A5-A357-032E6918FC73}.Debug|Any CPU.Build.0 = Debug|Any CPU
		{28781814-4562-47A5-A357-032E6918FC73}.Release|Any CPU.ActiveCfg = Release|Any CPU
		{28781814-4562-47A5-A357-032E6918FC73}.Release|Any CPU.Build.0 = Release|Any CPU
		{47FA4FF5-7F70-46EB-B54C-0502AC1C6080}.Debug|Any CPU.ActiveCfg = Debug|Any CPU
		{47FA4FF5-7F70-46EB-B54C-0502AC1C6080}.Debug|Any CPU.Build.0 = Debug|Any CPU
		{47FA4FF5-7F70-46EB-B54C-0502AC1C6080}.Release|Any CPU.ActiveCfg = Release|Any CPU
		{47FA4FF5-7F70-46EB-B54C-0502AC1C6080}.Release|Any CPU.Build.0 = Release|Any CPU
		{02B3AE9D-B6DC-4794-BBDA-081E4989CBC4}.Debug|Any CPU.ActiveCfg = Debug|Any CPU
		{02B3AE9D-B6DC-4794-BBDA-081E4989CBC4}.Debug|Any CPU.Build.0 = Debug|Any CPU
		{02B3AE9D-B6DC-4794-BBDA-081E4989CBC4}.Release|Any CPU.ActiveCfg = Release|Any CPU
		{02B3AE9D-B6DC-4794-BBDA-081E4989CBC4}.Release|Any CPU.Build.0 = Release|Any CPU
		{1C55275B-7D20-40E0-81EA-37F4822729CC}.Debug|Any CPU.ActiveCfg = Debug|Any CPU
		{1C55275B-7D20-40E0-81EA-37F4822729CC}.Debug|Any CPU.Build.0 = Debug|Any CPU
		{1C55275B-7D20-40E0-81EA-37F4822729CC}.Release|Any CPU.ActiveCfg = Release|Any CPU
		{1C55275B-7D20-40E0-81EA-37F4822729CC}.Release|Any CPU.Build.0 = Release|Any CPU
		{B8B04816-2993-4C40-9FED-97A6F1E536E3}.Debug|Any CPU.ActiveCfg = Debug|Any CPU
		{B8B04816-2993-4C40-9FED-97A6F1E536E3}.Debug|Any CPU.Build.0 = Debug|Any CPU
		{B8B04816-2993-4C40-9FED-97A6F1E536E3}.Release|Any CPU.ActiveCfg = Release|Any CPU
		{B8B04816-2993-4C40-9FED-97A6F1E536E3}.Release|Any CPU.Build.0 = Release|Any CPU
		{5087D5BB-A430-486B-A5E5-624A9502C89E}.Debug|Any CPU.ActiveCfg = Debug|Any CPU
		{5087D5BB-A430-486B-A5E5-624A9502C89E}.Debug|Any CPU.Build.0 = Debug|Any CPU
		{5087D5BB-A430-486B-A5E5-624A9502C89E}.Release|Any CPU.ActiveCfg = Release|Any CPU
		{5087D5BB-A430-486B-A5E5-624A9502C89E}.Release|Any CPU.Build.0 = Release|Any CPU
		{B31A9B66-29FA-4889-A4AA-70F03E19DBD1}.Debug|Any CPU.ActiveCfg = Debug|Any CPU
		{B31A9B66-29FA-4889-A4AA-70F03E19DBD1}.Debug|Any CPU.Build.0 = Debug|Any CPU
		{B31A9B66-29FA-4889-A4AA-70F03E19DBD1}.Release|Any CPU.ActiveCfg = Release|Any CPU
		{B31A9B66-29FA-4889-A4AA-70F03E19DBD1}.Release|Any CPU.Build.0 = Release|Any CPU
		{81A9E3F9-A45E-4C61-A921-4003ADF38817}.Debug|Any CPU.ActiveCfg = Debug|Any CPU
		{81A9E3F9-A45E-4C61-A921-4003ADF38817}.Debug|Any CPU.Build.0 = Debug|Any CPU
		{81A9E3F9-A45E-4C61-A921-4003ADF38817}.Release|Any CPU.ActiveCfg = Release|Any CPU
		{81A9E3F9-A45E-4C61-A921-4003ADF38817}.Release|Any CPU.Build.0 = Release|Any CPU
		{A1F1587E-0E01-483F-ADA3-426D3B7AEF3A}.Debug|Any CPU.ActiveCfg = Debug|Any CPU
		{A1F1587E-0E01-483F-ADA3-426D3B7AEF3A}.Debug|Any CPU.Build.0 = Debug|Any CPU
		{A1F1587E-0E01-483F-ADA3-426D3B7AEF3A}.Release|Any CPU.ActiveCfg = Release|Any CPU
		{A1F1587E-0E01-483F-ADA3-426D3B7AEF3A}.Release|Any CPU.Build.0 = Release|Any CPU
		{879150C0-D814-4DE9-9F0F-7A4319CD290A}.Debug|Any CPU.ActiveCfg = Debug|Any CPU
		{879150C0-D814-4DE9-9F0F-7A4319CD290A}.Debug|Any CPU.Build.0 = Debug|Any CPU
		{879150C0-D814-4DE9-9F0F-7A4319CD290A}.Release|Any CPU.ActiveCfg = Release|Any CPU
		{879150C0-D814-4DE9-9F0F-7A4319CD290A}.Release|Any CPU.Build.0 = Release|Any CPU
		{2AB9018C-B150-477B-B8E3-4CE07394F7C9}.Debug|Any CPU.ActiveCfg = Debug|Any CPU
		{2AB9018C-B150-477B-B8E3-4CE07394F7C9}.Debug|Any CPU.Build.0 = Debug|Any CPU
		{2AB9018C-B150-477B-B8E3-4CE07394F7C9}.Release|Any CPU.ActiveCfg = Release|Any CPU
		{2AB9018C-B150-477B-B8E3-4CE07394F7C9}.Release|Any CPU.Build.0 = Release|Any CPU
		{E7536C22-6287-4A8E-8E3C-043F13C2ECE0}.Debug|Any CPU.ActiveCfg = Debug|Any CPU
		{E7536C22-6287-4A8E-8E3C-043F13C2ECE0}.Debug|Any CPU.Build.0 = Debug|Any CPU
		{E7536C22-6287-4A8E-8E3C-043F13C2ECE0}.Release|Any CPU.ActiveCfg = Release|Any CPU
		{E7536C22-6287-4A8E-8E3C-043F13C2ECE0}.Release|Any CPU.Build.0 = Release|Any CPU
		{F8DF77D7-7949-43B8-8D48-1A695ABF45FB}.Debug|Any CPU.ActiveCfg = Debug|Any CPU
		{F8DF77D7-7949-43B8-8D48-1A695ABF45FB}.Debug|Any CPU.Build.0 = Debug|Any CPU
		{F8DF77D7-7949-43B8-8D48-1A695ABF45FB}.Release|Any CPU.ActiveCfg = Release|Any CPU
		{F8DF77D7-7949-43B8-8D48-1A695ABF45FB}.Release|Any CPU.Build.0 = Release|Any CPU
		{E85747CD-6AA4-48DE-B377-DB6CE51BCAA4}.Debug|Any CPU.ActiveCfg = Debug|Any CPU
		{E85747CD-6AA4-48DE-B377-DB6CE51BCAA4}.Debug|Any CPU.Build.0 = Debug|Any CPU
		{E85747CD-6AA4-48DE-B377-DB6CE51BCAA4}.Release|Any CPU.ActiveCfg = Release|Any CPU
		{E85747CD-6AA4-48DE-B377-DB6CE51BCAA4}.Release|Any CPU.Build.0 = Release|Any CPU
		{969ADC43-F44A-401A-855E-6942884AF436}.Debug|Any CPU.ActiveCfg = Debug|Any CPU
		{969ADC43-F44A-401A-855E-6942884AF436}.Debug|Any CPU.Build.0 = Debug|Any CPU
		{969ADC43-F44A-401A-855E-6942884AF436}.Release|Any CPU.ActiveCfg = Release|Any CPU
		{969ADC43-F44A-401A-855E-6942884AF436}.Release|Any CPU.Build.0 = Release|Any CPU
		{316DBACA-465C-4856-9B5C-55546C475D0F}.Debug|Any CPU.ActiveCfg = Debug|Any CPU
		{316DBACA-465C-4856-9B5C-55546C475D0F}.Debug|Any CPU.Build.0 = Debug|Any CPU
		{316DBACA-465C-4856-9B5C-55546C475D0F}.Release|Any CPU.ActiveCfg = Release|Any CPU
		{316DBACA-465C-4856-9B5C-55546C475D0F}.Release|Any CPU.Build.0 = Release|Any CPU
		{22E38C2A-D3C5-412B-B828-919A2BE0E581}.Debug|Any CPU.ActiveCfg = Debug|Any CPU
		{22E38C2A-D3C5-412B-B828-919A2BE0E581}.Debug|Any CPU.Build.0 = Debug|Any CPU
		{22E38C2A-D3C5-412B-B828-919A2BE0E581}.Release|Any CPU.ActiveCfg = Release|Any CPU
		{22E38C2A-D3C5-412B-B828-919A2BE0E581}.Release|Any CPU.Build.0 = Release|Any CPU
		{0B2A2B46-349E-4ED4-997A-3C92B68DB211}.Debug|Any CPU.ActiveCfg = Debug|Any CPU
		{0B2A2B46-349E-4ED4-997A-3C92B68DB211}.Debug|Any CPU.Build.0 = Debug|Any CPU
		{0B2A2B46-349E-4ED4-997A-3C92B68DB211}.Release|Any CPU.ActiveCfg = Release|Any CPU
		{0B2A2B46-349E-4ED4-997A-3C92B68DB211}.Release|Any CPU.Build.0 = Release|Any CPU
		{43A08840-CA94-4C48-9244-5F5FDA494963}.Debug|Any CPU.ActiveCfg = Debug|Any CPU
		{43A08840-CA94-4C48-9244-5F5FDA494963}.Debug|Any CPU.Build.0 = Debug|Any CPU
		{43A08840-CA94-4C48-9244-5F5FDA494963}.Release|Any CPU.ActiveCfg = Release|Any CPU
		{43A08840-CA94-4C48-9244-5F5FDA494963}.Release|Any CPU.Build.0 = Release|Any CPU
		{E525F58A-FC67-4C11-921B-49A277796AC8}.Debug|Any CPU.ActiveCfg = Debug|Any CPU
		{E525F58A-FC67-4C11-921B-49A277796AC8}.Debug|Any CPU.Build.0 = Debug|Any CPU
		{E525F58A-FC67-4C11-921B-49A277796AC8}.Release|Any CPU.ActiveCfg = Release|Any CPU
		{E525F58A-FC67-4C11-921B-49A277796AC8}.Release|Any CPU.Build.0 = Release|Any CPU
		{2B9B73CD-CAB6-4B18-ADB9-AEBF3C8AC5A4}.Debug|Any CPU.ActiveCfg = Debug|Any CPU
		{2B9B73CD-CAB6-4B18-ADB9-AEBF3C8AC5A4}.Debug|Any CPU.Build.0 = Debug|Any CPU
		{2B9B73CD-CAB6-4B18-ADB9-AEBF3C8AC5A4}.Release|Any CPU.ActiveCfg = Release|Any CPU
		{2B9B73CD-CAB6-4B18-ADB9-AEBF3C8AC5A4}.Release|Any CPU.Build.0 = Release|Any CPU
		{D04C48D9-9C16-493F-91F9-4FE7ED230B98}.Debug|Any CPU.ActiveCfg = Debug|Any CPU
		{D04C48D9-9C16-493F-91F9-4FE7ED230B98}.Debug|Any CPU.Build.0 = Debug|Any CPU
		{D04C48D9-9C16-493F-91F9-4FE7ED230B98}.Release|Any CPU.ActiveCfg = Release|Any CPU
		{D04C48D9-9C16-493F-91F9-4FE7ED230B98}.Release|Any CPU.Build.0 = Release|Any CPU
		{713EC014-198B-48B5-8D90-AE7885D3B759}.Debug|Any CPU.ActiveCfg = Debug|Any CPU
		{713EC014-198B-48B5-8D90-AE7885D3B759}.Debug|Any CPU.Build.0 = Debug|Any CPU
		{713EC014-198B-48B5-8D90-AE7885D3B759}.Release|Any CPU.ActiveCfg = Release|Any CPU
		{713EC014-198B-48B5-8D90-AE7885D3B759}.Release|Any CPU.Build.0 = Release|Any CPU
		{C416458E-BA3B-4EE0-8D76-8311AD897350}.Debug|Any CPU.ActiveCfg = Debug|Any CPU
		{C416458E-BA3B-4EE0-8D76-8311AD897350}.Debug|Any CPU.Build.0 = Debug|Any CPU
		{C416458E-BA3B-4EE0-8D76-8311AD897350}.Release|Any CPU.ActiveCfg = Release|Any CPU
		{C416458E-BA3B-4EE0-8D76-8311AD897350}.Release|Any CPU.Build.0 = Release|Any CPU
		{E5A9A4FB-8BDD-438B-B44F-DBDCBEA81E7E}.Debug|Any CPU.ActiveCfg = Debug|Any CPU
		{E5A9A4FB-8BDD-438B-B44F-DBDCBEA81E7E}.Debug|Any CPU.Build.0 = Debug|Any CPU
		{E5A9A4FB-8BDD-438B-B44F-DBDCBEA81E7E}.Release|Any CPU.ActiveCfg = Release|Any CPU
		{E5A9A4FB-8BDD-438B-B44F-DBDCBEA81E7E}.Release|Any CPU.Build.0 = Release|Any CPU
		{C1B8505F-D028-4065-BDD8-423310BD0BC6}.Debug|Any CPU.ActiveCfg = Debug|Any CPU
		{C1B8505F-D028-4065-BDD8-423310BD0BC6}.Debug|Any CPU.Build.0 = Debug|Any CPU
		{C1B8505F-D028-4065-BDD8-423310BD0BC6}.Release|Any CPU.ActiveCfg = Release|Any CPU
		{C1B8505F-D028-4065-BDD8-423310BD0BC6}.Release|Any CPU.Build.0 = Release|Any CPU
		{83A40850-DF40-4D61-BE50-C9805B7CA57F}.Debug|Any CPU.ActiveCfg = Debug|Any CPU
		{83A40850-DF40-4D61-BE50-C9805B7CA57F}.Debug|Any CPU.Build.0 = Debug|Any CPU
		{83A40850-DF40-4D61-BE50-C9805B7CA57F}.Release|Any CPU.ActiveCfg = Release|Any CPU
		{83A40850-DF40-4D61-BE50-C9805B7CA57F}.Release|Any CPU.Build.0 = Release|Any CPU
		{1B6F1B10-312E-41FC-8A64-462D72025969}.Debug|Any CPU.ActiveCfg = Debug|Any CPU
		{1B6F1B10-312E-41FC-8A64-462D72025969}.Debug|Any CPU.Build.0 = Debug|Any CPU
		{1B6F1B10-312E-41FC-8A64-462D72025969}.Release|Any CPU.ActiveCfg = Release|Any CPU
		{1B6F1B10-312E-41FC-8A64-462D72025969}.Release|Any CPU.Build.0 = Release|Any CPU
		{A13FB97B-6F5A-4960-A595-7659AA66F8CC}.Debug|Any CPU.ActiveCfg = Debug|Any CPU
		{A13FB97B-6F5A-4960-A595-7659AA66F8CC}.Debug|Any CPU.Build.0 = Debug|Any CPU
		{A13FB97B-6F5A-4960-A595-7659AA66F8CC}.Release|Any CPU.ActiveCfg = Release|Any CPU
		{A13FB97B-6F5A-4960-A595-7659AA66F8CC}.Release|Any CPU.Build.0 = Release|Any CPU
		{07C24388-1BEA-42E9-A4CE-5E94C220DFA6}.Debug|Any CPU.ActiveCfg = Debug|Any CPU
		{07C24388-1BEA-42E9-A4CE-5E94C220DFA6}.Debug|Any CPU.Build.0 = Debug|Any CPU
		{07C24388-1BEA-42E9-A4CE-5E94C220DFA6}.Release|Any CPU.ActiveCfg = Release|Any CPU
		{07C24388-1BEA-42E9-A4CE-5E94C220DFA6}.Release|Any CPU.Build.0 = Release|Any CPU
		{E5926236-27E1-4BAA-9758-CDF5E69F4617}.Debug|Any CPU.ActiveCfg = Debug|Any CPU
		{E5926236-27E1-4BAA-9758-CDF5E69F4617}.Debug|Any CPU.Build.0 = Debug|Any CPU
		{E5926236-27E1-4BAA-9758-CDF5E69F4617}.Release|Any CPU.ActiveCfg = Release|Any CPU
		{E5926236-27E1-4BAA-9758-CDF5E69F4617}.Release|Any CPU.Build.0 = Release|Any CPU
		{46719DFE-7F02-4ED3-ACB3-D858C8DCA437}.Debug|Any CPU.ActiveCfg = Debug|Any CPU
		{46719DFE-7F02-4ED3-ACB3-D858C8DCA437}.Debug|Any CPU.Build.0 = Debug|Any CPU
		{46719DFE-7F02-4ED3-ACB3-D858C8DCA437}.Release|Any CPU.ActiveCfg = Release|Any CPU
		{46719DFE-7F02-4ED3-ACB3-D858C8DCA437}.Release|Any CPU.Build.0 = Release|Any CPU
		{101DCFF9-3953-4E84-8536-537EE830D26E}.Debug|Any CPU.ActiveCfg = Debug|Any CPU
		{101DCFF9-3953-4E84-8536-537EE830D26E}.Debug|Any CPU.Build.0 = Debug|Any CPU
		{101DCFF9-3953-4E84-8536-537EE830D26E}.Release|Any CPU.ActiveCfg = Release|Any CPU
		{101DCFF9-3953-4E84-8536-537EE830D26E}.Release|Any CPU.Build.0 = Release|Any CPU
		{6E1B7A0A-152A-4F7D-B7EE-D0C375418A48}.Debug|Any CPU.ActiveCfg = Debug|Any CPU
		{6E1B7A0A-152A-4F7D-B7EE-D0C375418A48}.Debug|Any CPU.Build.0 = Debug|Any CPU
		{6E1B7A0A-152A-4F7D-B7EE-D0C375418A48}.Release|Any CPU.ActiveCfg = Release|Any CPU
		{6E1B7A0A-152A-4F7D-B7EE-D0C375418A48}.Release|Any CPU.Build.0 = Release|Any CPU
		{411C62B2-EDAB-42D8-873B-09DA3DBF0557}.Debug|Any CPU.ActiveCfg = Debug|Any CPU
		{411C62B2-EDAB-42D8-873B-09DA3DBF0557}.Debug|Any CPU.Build.0 = Debug|Any CPU
		{411C62B2-EDAB-42D8-873B-09DA3DBF0557}.Release|Any CPU.ActiveCfg = Release|Any CPU
		{411C62B2-EDAB-42D8-873B-09DA3DBF0557}.Release|Any CPU.Build.0 = Release|Any CPU
		{B5371F38-494F-4EEC-8D5C-E48CA86C49E0}.Debug|Any CPU.ActiveCfg = Debug|Any CPU
		{B5371F38-494F-4EEC-8D5C-E48CA86C49E0}.Debug|Any CPU.Build.0 = Debug|Any CPU
		{B5371F38-494F-4EEC-8D5C-E48CA86C49E0}.Release|Any CPU.ActiveCfg = Release|Any CPU
		{B5371F38-494F-4EEC-8D5C-E48CA86C49E0}.Release|Any CPU.Build.0 = Release|Any CPU
		{B855E9B3-6005-4DD7-8D43-32FE6D344F3C}.Debug|Any CPU.ActiveCfg = Debug|Any CPU
		{B855E9B3-6005-4DD7-8D43-32FE6D344F3C}.Debug|Any CPU.Build.0 = Debug|Any CPU
		{B855E9B3-6005-4DD7-8D43-32FE6D344F3C}.Release|Any CPU.ActiveCfg = Release|Any CPU
		{B855E9B3-6005-4DD7-8D43-32FE6D344F3C}.Release|Any CPU.Build.0 = Release|Any CPU
		{1862F338-A714-4D17-B8B6-DB7B9817FDD5}.Debug|Any CPU.ActiveCfg = Debug|Any CPU
		{1862F338-A714-4D17-B8B6-DB7B9817FDD5}.Debug|Any CPU.Build.0 = Debug|Any CPU
		{1862F338-A714-4D17-B8B6-DB7B9817FDD5}.Release|Any CPU.ActiveCfg = Release|Any CPU
		{1862F338-A714-4D17-B8B6-DB7B9817FDD5}.Release|Any CPU.Build.0 = Release|Any CPU
		{153282F8-A33B-40F2-9B81-3F839F66FA54}.Debug|Any CPU.ActiveCfg = Debug|Any CPU
		{153282F8-A33B-40F2-9B81-3F839F66FA54}.Debug|Any CPU.Build.0 = Debug|Any CPU
		{153282F8-A33B-40F2-9B81-3F839F66FA54}.Release|Any CPU.ActiveCfg = Release|Any CPU
		{153282F8-A33B-40F2-9B81-3F839F66FA54}.Release|Any CPU.Build.0 = Release|Any CPU
		{BCE311F5-855A-4CA4-8EF6-34E2920B2521}.Debug|Any CPU.ActiveCfg = Debug|Any CPU
		{BCE311F5-855A-4CA4-8EF6-34E2920B2521}.Debug|Any CPU.Build.0 = Debug|Any CPU
		{BCE311F5-855A-4CA4-8EF6-34E2920B2521}.Release|Any CPU.ActiveCfg = Release|Any CPU
		{BCE311F5-855A-4CA4-8EF6-34E2920B2521}.Release|Any CPU.Build.0 = Release|Any CPU
		{3F6BF014-510D-4309-8064-A9315214E5E4}.Debug|Any CPU.ActiveCfg = Debug|Any CPU
		{3F6BF014-510D-4309-8064-A9315214E5E4}.Debug|Any CPU.Build.0 = Debug|Any CPU
		{3F6BF014-510D-4309-8064-A9315214E5E4}.Release|Any CPU.ActiveCfg = Release|Any CPU
		{3F6BF014-510D-4309-8064-A9315214E5E4}.Release|Any CPU.Build.0 = Release|Any CPU
		{9BDE8B27-7633-42C4-9A40-0C543956A8FE}.Debug|Any CPU.ActiveCfg = Debug|Any CPU
		{9BDE8B27-7633-42C4-9A40-0C543956A8FE}.Debug|Any CPU.Build.0 = Debug|Any CPU
		{9BDE8B27-7633-42C4-9A40-0C543956A8FE}.Release|Any CPU.ActiveCfg = Release|Any CPU
		{9BDE8B27-7633-42C4-9A40-0C543956A8FE}.Release|Any CPU.Build.0 = Release|Any CPU
		{A6824487-98FD-46E6-AD51-BD393E8F4438}.Debug|Any CPU.ActiveCfg = Debug|Any CPU
		{A6824487-98FD-46E6-AD51-BD393E8F4438}.Debug|Any CPU.Build.0 = Debug|Any CPU
		{A6824487-98FD-46E6-AD51-BD393E8F4438}.Release|Any CPU.ActiveCfg = Release|Any CPU
		{A6824487-98FD-46E6-AD51-BD393E8F4438}.Release|Any CPU.Build.0 = Release|Any CPU
		{B5F98F5F-752A-4779-BAD3-5AAE3FE947DD}.Debug|Any CPU.ActiveCfg = Debug|Any CPU
		{B5F98F5F-752A-4779-BAD3-5AAE3FE947DD}.Debug|Any CPU.Build.0 = Debug|Any CPU
		{B5F98F5F-752A-4779-BAD3-5AAE3FE947DD}.Release|Any CPU.ActiveCfg = Release|Any CPU
		{B5F98F5F-752A-4779-BAD3-5AAE3FE947DD}.Release|Any CPU.Build.0 = Release|Any CPU
		{17F478D9-BC8E-48A7-BB87-AE6F6631484F}.Debug|Any CPU.ActiveCfg = Debug|Any CPU
		{17F478D9-BC8E-48A7-BB87-AE6F6631484F}.Debug|Any CPU.Build.0 = Debug|Any CPU
		{17F478D9-BC8E-48A7-BB87-AE6F6631484F}.Release|Any CPU.ActiveCfg = Release|Any CPU
		{17F478D9-BC8E-48A7-BB87-AE6F6631484F}.Release|Any CPU.Build.0 = Release|Any CPU
		{3E62AA6C-6B3D-4E05-A39D-2960EB08A088}.Debug|Any CPU.ActiveCfg = Debug|Any CPU
		{3E62AA6C-6B3D-4E05-A39D-2960EB08A088}.Debug|Any CPU.Build.0 = Debug|Any CPU
		{3E62AA6C-6B3D-4E05-A39D-2960EB08A088}.Release|Any CPU.ActiveCfg = Release|Any CPU
		{3E62AA6C-6B3D-4E05-A39D-2960EB08A088}.Release|Any CPU.Build.0 = Release|Any CPU
		{7F1C4A51-DDD5-4DEA-83CA-DE4FAF62C5A8}.Debug|Any CPU.ActiveCfg = Debug|Any CPU
		{7F1C4A51-DDD5-4DEA-83CA-DE4FAF62C5A8}.Debug|Any CPU.Build.0 = Debug|Any CPU
		{7F1C4A51-DDD5-4DEA-83CA-DE4FAF62C5A8}.Release|Any CPU.ActiveCfg = Release|Any CPU
		{7F1C4A51-DDD5-4DEA-83CA-DE4FAF62C5A8}.Release|Any CPU.Build.0 = Release|Any CPU
		{9CF542FB-1AE0-45F0-8FDE-4704E141BB93}.Debug|Any CPU.ActiveCfg = Debug|Any CPU
		{9CF542FB-1AE0-45F0-8FDE-4704E141BB93}.Debug|Any CPU.Build.0 = Debug|Any CPU
		{9CF542FB-1AE0-45F0-8FDE-4704E141BB93}.Release|Any CPU.ActiveCfg = Release|Any CPU
		{9CF542FB-1AE0-45F0-8FDE-4704E141BB93}.Release|Any CPU.Build.0 = Release|Any CPU
		{9B483339-2B3E-4E8C-A519-030A8C07EC65}.Debug|Any CPU.ActiveCfg = Debug|Any CPU
		{9B483339-2B3E-4E8C-A519-030A8C07EC65}.Debug|Any CPU.Build.0 = Debug|Any CPU
		{9B483339-2B3E-4E8C-A519-030A8C07EC65}.Release|Any CPU.ActiveCfg = Release|Any CPU
		{9B483339-2B3E-4E8C-A519-030A8C07EC65}.Release|Any CPU.Build.0 = Release|Any CPU
		{07B93429-0AD5-482A-A932-743EE7DA2352}.Debug|Any CPU.ActiveCfg = Debug|Any CPU
		{07B93429-0AD5-482A-A932-743EE7DA2352}.Debug|Any CPU.Build.0 = Debug|Any CPU
		{07B93429-0AD5-482A-A932-743EE7DA2352}.Release|Any CPU.ActiveCfg = Release|Any CPU
		{07B93429-0AD5-482A-A932-743EE7DA2352}.Release|Any CPU.Build.0 = Release|Any CPU
		{1BF03EE0-2B32-4D07-B65C-11C18FB42FDF}.Debug|Any CPU.ActiveCfg = Debug|Any CPU
		{1BF03EE0-2B32-4D07-B65C-11C18FB42FDF}.Debug|Any CPU.Build.0 = Debug|Any CPU
		{1BF03EE0-2B32-4D07-B65C-11C18FB42FDF}.Release|Any CPU.ActiveCfg = Release|Any CPU
		{1BF03EE0-2B32-4D07-B65C-11C18FB42FDF}.Release|Any CPU.Build.0 = Release|Any CPU
		{B7068EF2-514B-4550-ABCD-2880B0A40FE9}.Debug|Any CPU.ActiveCfg = Debug|Any CPU
		{B7068EF2-514B-4550-ABCD-2880B0A40FE9}.Debug|Any CPU.Build.0 = Debug|Any CPU
		{B7068EF2-514B-4550-ABCD-2880B0A40FE9}.Release|Any CPU.ActiveCfg = Release|Any CPU
		{B7068EF2-514B-4550-ABCD-2880B0A40FE9}.Release|Any CPU.Build.0 = Release|Any CPU
		{5E98BC12-0602-41E9-9758-B8103DDEEE30}.Debug|Any CPU.ActiveCfg = Debug|Any CPU
		{5E98BC12-0602-41E9-9758-B8103DDEEE30}.Debug|Any CPU.Build.0 = Debug|Any CPU
		{5E98BC12-0602-41E9-9758-B8103DDEEE30}.Release|Any CPU.ActiveCfg = Release|Any CPU
		{5E98BC12-0602-41E9-9758-B8103DDEEE30}.Release|Any CPU.Build.0 = Release|Any CPU
		{D2D47E15-5F2B-40B9-A0AA-14C561073B2D}.Debug|Any CPU.ActiveCfg = Debug|Any CPU
		{D2D47E15-5F2B-40B9-A0AA-14C561073B2D}.Debug|Any CPU.Build.0 = Debug|Any CPU
		{D2D47E15-5F2B-40B9-A0AA-14C561073B2D}.Release|Any CPU.ActiveCfg = Release|Any CPU
		{D2D47E15-5F2B-40B9-A0AA-14C561073B2D}.Release|Any CPU.Build.0 = Release|Any CPU
		{815A0C19-8B3F-46DD-B0CD-FB868366CF04}.Debug|Any CPU.ActiveCfg = Debug|Any CPU
		{815A0C19-8B3F-46DD-B0CD-FB868366CF04}.Debug|Any CPU.Build.0 = Debug|Any CPU
		{815A0C19-8B3F-46DD-B0CD-FB868366CF04}.Release|Any CPU.ActiveCfg = Release|Any CPU
		{815A0C19-8B3F-46DD-B0CD-FB868366CF04}.Release|Any CPU.Build.0 = Release|Any CPU
		{1FF28F26-0048-4938-B292-1A307DA11946}.Debug|Any CPU.ActiveCfg = Debug|Any CPU
		{1FF28F26-0048-4938-B292-1A307DA11946}.Debug|Any CPU.Build.0 = Debug|Any CPU
		{1FF28F26-0048-4938-B292-1A307DA11946}.Release|Any CPU.ActiveCfg = Release|Any CPU
		{1FF28F26-0048-4938-B292-1A307DA11946}.Release|Any CPU.Build.0 = Release|Any CPU
		{3B7E1A53-8B6A-4BB5-AA80-96B1443A5A56}.Debug|Any CPU.ActiveCfg = Debug|Any CPU
		{3B7E1A53-8B6A-4BB5-AA80-96B1443A5A56}.Debug|Any CPU.Build.0 = Debug|Any CPU
		{3B7E1A53-8B6A-4BB5-AA80-96B1443A5A56}.Release|Any CPU.ActiveCfg = Release|Any CPU
		{3B7E1A53-8B6A-4BB5-AA80-96B1443A5A56}.Release|Any CPU.Build.0 = Release|Any CPU
		{FC6769AA-6C74-4ABF-BA7D-F78C1B81DF81}.Debug|Any CPU.ActiveCfg = Debug|Any CPU
		{FC6769AA-6C74-4ABF-BA7D-F78C1B81DF81}.Debug|Any CPU.Build.0 = Debug|Any CPU
		{FC6769AA-6C74-4ABF-BA7D-F78C1B81DF81}.Release|Any CPU.ActiveCfg = Release|Any CPU
		{FC6769AA-6C74-4ABF-BA7D-F78C1B81DF81}.Release|Any CPU.Build.0 = Release|Any CPU
		{A841D326-067F-458D-B590-58D19B8D1F46}.Debug|Any CPU.ActiveCfg = Debug|Any CPU
		{A841D326-067F-458D-B590-58D19B8D1F46}.Debug|Any CPU.Build.0 = Debug|Any CPU
		{A841D326-067F-458D-B590-58D19B8D1F46}.Release|Any CPU.ActiveCfg = Release|Any CPU
		{A841D326-067F-458D-B590-58D19B8D1F46}.Release|Any CPU.Build.0 = Release|Any CPU
		{B404473B-62B2-4175-9B37-EDE51D6440F4}.Debug|Any CPU.ActiveCfg = Debug|Any CPU
		{B404473B-62B2-4175-9B37-EDE51D6440F4}.Debug|Any CPU.Build.0 = Debug|Any CPU
		{B404473B-62B2-4175-9B37-EDE51D6440F4}.Release|Any CPU.ActiveCfg = Release|Any CPU
		{B404473B-62B2-4175-9B37-EDE51D6440F4}.Release|Any CPU.Build.0 = Release|Any CPU
		{12AE2C59-503D-4B50-99A8-1E455A9B3CD7}.Debug|Any CPU.ActiveCfg = Debug|Any CPU
		{12AE2C59-503D-4B50-99A8-1E455A9B3CD7}.Debug|Any CPU.Build.0 = Debug|Any CPU
		{12AE2C59-503D-4B50-99A8-1E455A9B3CD7}.Release|Any CPU.ActiveCfg = Release|Any CPU
		{12AE2C59-503D-4B50-99A8-1E455A9B3CD7}.Release|Any CPU.Build.0 = Release|Any CPU
		{0D2FC7FC-A8DA-4256-8DA8-1FA155EAEF9E}.Debug|Any CPU.ActiveCfg = Debug|Any CPU
		{0D2FC7FC-A8DA-4256-8DA8-1FA155EAEF9E}.Debug|Any CPU.Build.0 = Debug|Any CPU
		{0D2FC7FC-A8DA-4256-8DA8-1FA155EAEF9E}.Release|Any CPU.ActiveCfg = Release|Any CPU
		{0D2FC7FC-A8DA-4256-8DA8-1FA155EAEF9E}.Release|Any CPU.Build.0 = Release|Any CPU
		{07BDBC18-76B4-45F6-861A-0DD07C6476AE}.Debug|Any CPU.ActiveCfg = Debug|Any CPU
		{07BDBC18-76B4-45F6-861A-0DD07C6476AE}.Debug|Any CPU.Build.0 = Debug|Any CPU
		{07BDBC18-76B4-45F6-861A-0DD07C6476AE}.Release|Any CPU.ActiveCfg = Release|Any CPU
		{07BDBC18-76B4-45F6-861A-0DD07C6476AE}.Release|Any CPU.Build.0 = Release|Any CPU
		{987A012A-71BC-4D31-857F-5A22D1A6A0EE}.Debug|Any CPU.ActiveCfg = Debug|Any CPU
		{987A012A-71BC-4D31-857F-5A22D1A6A0EE}.Debug|Any CPU.Build.0 = Debug|Any CPU
		{987A012A-71BC-4D31-857F-5A22D1A6A0EE}.Release|Any CPU.ActiveCfg = Release|Any CPU
		{987A012A-71BC-4D31-857F-5A22D1A6A0EE}.Release|Any CPU.Build.0 = Release|Any CPU
		{653FF6DE-2E14-4F9C-ACCB-EBE560ED3F62}.Debug|Any CPU.ActiveCfg = Debug|Any CPU
		{653FF6DE-2E14-4F9C-ACCB-EBE560ED3F62}.Debug|Any CPU.Build.0 = Debug|Any CPU
		{653FF6DE-2E14-4F9C-ACCB-EBE560ED3F62}.Release|Any CPU.ActiveCfg = Release|Any CPU
		{653FF6DE-2E14-4F9C-ACCB-EBE560ED3F62}.Release|Any CPU.Build.0 = Release|Any CPU
		{815F508A-B5E8-4BF3-81D3-B8841068ED16}.Debug|Any CPU.ActiveCfg = Debug|Any CPU
		{815F508A-B5E8-4BF3-81D3-B8841068ED16}.Debug|Any CPU.Build.0 = Debug|Any CPU
		{815F508A-B5E8-4BF3-81D3-B8841068ED16}.Release|Any CPU.ActiveCfg = Release|Any CPU
		{815F508A-B5E8-4BF3-81D3-B8841068ED16}.Release|Any CPU.Build.0 = Release|Any CPU
		{BB05B378-4354-4E11-B773-8BCE481991B8}.Debug|Any CPU.ActiveCfg = Debug|Any CPU
		{BB05B378-4354-4E11-B773-8BCE481991B8}.Debug|Any CPU.Build.0 = Debug|Any CPU
		{BB05B378-4354-4E11-B773-8BCE481991B8}.Release|Any CPU.ActiveCfg = Release|Any CPU
		{BB05B378-4354-4E11-B773-8BCE481991B8}.Release|Any CPU.Build.0 = Release|Any CPU
		{C903F662-785B-4938-B75B-D8DDB2A6997D}.Debug|Any CPU.ActiveCfg = Debug|Any CPU
		{C903F662-785B-4938-B75B-D8DDB2A6997D}.Debug|Any CPU.Build.0 = Debug|Any CPU
		{C903F662-785B-4938-B75B-D8DDB2A6997D}.Release|Any CPU.ActiveCfg = Release|Any CPU
		{C903F662-785B-4938-B75B-D8DDB2A6997D}.Release|Any CPU.Build.0 = Release|Any CPU
		{ED55CAC6-94D4-4294-B95D-657E8125ED11}.Debug|Any CPU.ActiveCfg = Debug|Any CPU
		{ED55CAC6-94D4-4294-B95D-657E8125ED11}.Debug|Any CPU.Build.0 = Debug|Any CPU
		{ED55CAC6-94D4-4294-B95D-657E8125ED11}.Release|Any CPU.ActiveCfg = Release|Any CPU
		{ED55CAC6-94D4-4294-B95D-657E8125ED11}.Release|Any CPU.Build.0 = Release|Any CPU
		{D70AFC1F-43C6-4677-9C3D-D232536D4CC6}.Debug|Any CPU.ActiveCfg = Debug|Any CPU
		{D70AFC1F-43C6-4677-9C3D-D232536D4CC6}.Debug|Any CPU.Build.0 = Debug|Any CPU
		{D70AFC1F-43C6-4677-9C3D-D232536D4CC6}.Release|Any CPU.ActiveCfg = Release|Any CPU
		{D70AFC1F-43C6-4677-9C3D-D232536D4CC6}.Release|Any CPU.Build.0 = Release|Any CPU
		{4CE1F18D-BDD5-4616-87FB-3CD64B5A9230}.Debug|Any CPU.ActiveCfg = Debug|Any CPU
		{4CE1F18D-BDD5-4616-87FB-3CD64B5A9230}.Debug|Any CPU.Build.0 = Debug|Any CPU
		{4CE1F18D-BDD5-4616-87FB-3CD64B5A9230}.Release|Any CPU.ActiveCfg = Release|Any CPU
		{4CE1F18D-BDD5-4616-87FB-3CD64B5A9230}.Release|Any CPU.Build.0 = Release|Any CPU
		{E2D069FF-E343-4956-8BB3-6B982B75CDFE}.Debug|Any CPU.ActiveCfg = Debug|Any CPU
		{E2D069FF-E343-4956-8BB3-6B982B75CDFE}.Debug|Any CPU.Build.0 = Debug|Any CPU
		{E2D069FF-E343-4956-8BB3-6B982B75CDFE}.Release|Any CPU.ActiveCfg = Release|Any CPU
		{E2D069FF-E343-4956-8BB3-6B982B75CDFE}.Release|Any CPU.Build.0 = Release|Any CPU
	EndGlobalSection
	GlobalSection(SolutionProperties) = preSolution
		HideSolutionNode = FALSE
	EndGlobalSection
EndGlobal
