
Microsoft Visual Studio Solution File, Format Version 9.00
# Visual Studio 2005
Project("{FAE04EC0-301F-11D3-BF4B-00C04F79EFBC}") = "001", "001\001.csproj", "{F27A0A07-7AAB-44E5-8CA6-8F4F20F6FA72}"
EndProject
Project("{FAE04EC0-301F-11D3-BF4B-00C04F79EFBC}") = "002", "002\002.csproj", "{EBC77734-AD82-460B-91A8-BA1D327DEBFB}"
EndProject
Project("{FAE04EC0-301F-11D3-BF4B-00C04F79EFBC}") = "003", "003\003.csproj", "{29EEF222-989A-4F11-AB58-6CE95D2FF7CA}"
EndProject
Project("{FAE04EC0-301F-11D3-BF4B-00C04F79EFBC}") = "004", "004\004.csproj", "{985300B5-A38D-4239-883D-A531D17905B1}"
EndProject
Project("{FAE04EC0-301F-11D3-BF4B-00C04F79EFBC}") = "005", "005\005.csproj", "{201BB551-2548-4529-BA6B-462CA2507E87}"
EndProject
Project("{FAE04EC0-301F-11D3-BF4B-00C04F79EFBC}") = "006", "006\006.csproj", "{6F473529-01B1-4745-89FD-C42516212E36}"
EndProject
Project("{FAE04EC0-301F-11D3-BF4B-00C04F79EFBC}") = "007", "007\007.csproj", "{F4086B85-059B-4BB5-BFD7-6EC857649726}"
EndProject
Project("{FAE04EC0-301F-11D3-BF4B-00C04F79EFBC}") = "008", "008\008.csproj", "{FD49BF25-6537-4FAB-9C43-59470BC1DE42}"
EndProject
Project("{FAE04EC0-301F-11D3-BF4B-00C04F79EFBC}") = "009", "009\009.csproj", "{140AE40C-7243-4228-A5EB-2FA4A586704E}"
EndProject
Project("{FAE04EC0-301F-11D3-BF4B-00C04F79EFBC}") = "010", "010\010.csproj", "{B16C3273-1102-4C5D-AAEA-A587227E1C85}"
EndProject
Project("{FAE04EC0-301F-11D3-BF4B-00C04F79EFBC}") = "011", "011\011.csproj", "{9E85CEF5-4F70-4DD6-81E4-65E62BBB6879}"
EndProject
Project("{FAE04EC0-301F-11D3-BF4B-00C04F79EFBC}") = "012", "012\012.csproj", "{80495772-D951-4415-9010-80518815546D}"
EndProject
Project("{FAE04EC0-301F-11D3-BF4B-00C04F79EFBC}") = "013", "013\013.csproj", "{F4BAB8DC-63B7-48BE-A75B-1B06CCF87EF8}"
EndProject
Project("{FAE04EC0-301F-11D3-BF4B-00C04F79EFBC}") = "015", "015\015.csproj", "{F4ADE11F-8A72-475E-8BD2-3379AFF28266}"
EndProject
Project("{FAE04EC0-301F-11D3-BF4B-00C04F79EFBC}") = "014", "014\014.csproj", "{52C2D145-BF36-4772-BE27-C250F7A7B00B}"
EndProject
Project("{FAE04EC0-301F-11D3-BF4B-00C04F79EFBC}") = "016", "016\016.csproj", "{3811CA27-0C24-41F4-997B-A2765A77D190}"
EndProject
Project("{FAE04EC0-301F-11D3-BF4B-00C04F79EFBC}") = "017", "017\017.csproj", "{466B8E53-0A44-46D5-AFEB-31A81C0320F0}"
EndProject
Project("{FAE04EC0-301F-11D3-BF4B-00C04F79EFBC}") = "018", "018\018.csproj", "{0B4BF95F-650D-47B5-8E48-CF68CC0BDF9A}"
EndProject
Project("{FAE04EC0-301F-11D3-BF4B-00C04F79EFBC}") = "019", "019\019.csproj", "{6B05D586-6462-4A4F-BC63-27B3519CA3BF}"
EndProject
Project("{FAE04EC0-301F-11D3-BF4B-00C04F79EFBC}") = "020", "020\020.csproj", "{E87CA6F0-3991-4ED2-B7DB-7298466DB81C}"
EndProject
Project("{FAE04EC0-301F-11D3-BF4B-00C04F79EFBC}") = "021", "021\021.csproj", "{38D28F99-3125-4965-A2A2-5EE082782A1D}"
EndProject
Project("{FAE04EC0-301F-11D3-BF4B-00C04F79EFBC}") = "022", "022\022.csproj", "{EF8B163C-FB99-4BAB-9FFE-F2F4239013E2}"
EndProject
Project("{FAE04EC0-301F-11D3-BF4B-00C04F79EFBC}") = "023", "023\023.csproj", "{6A0B8041-FDE5-4417-A1FD-ECAEAD2DE41F}"
EndProject
Project("{FAE04EC0-301F-11D3-BF4B-00C04F79EFBC}") = "024", "024\024.csproj", "{E965C90C-EA23-494E-A83B-2E76FA4A052E}"
EndProject
Project("{FAE04EC0-301F-11D3-BF4B-00C04F79EFBC}") = "025", "025\025.csproj", "{08D76BE3-AA44-456A-9CF8-401E24A7748F}"
EndProject
Project("{FAE04EC0-301F-11D3-BF4B-00C04F79EFBC}") = "026", "026\026.csproj", "{70103C67-FDCE-4238-8D0D-C9BBCE71EB47}"
EndProject
Project("{FAE04EC0-301F-11D3-BF4B-00C04F79EFBC}") = "027", "027\027.csproj", "{ECC1FCED-EB71-4663-A0C2-EA5E15A392A7}"
EndProject
Project("{FAE04EC0-301F-11D3-BF4B-00C04F79EFBC}") = "028", "028\028.csproj", "{CBCDE3F7-0851-4D45-BFEA-459341936DF5}"
EndProject
Project("{FAE04EC0-301F-11D3-BF4B-00C04F79EFBC}") = "029", "029\029.csproj", "{AAE655A8-E1D6-4102-955D-68B2BC3C0092}"
EndProject
Project("{FAE04EC0-301F-11D3-BF4B-00C04F79EFBC}") = "030", "030\030.csproj", "{0353B1D6-CAE8-4FA9-B5B8-00DBF8D25B44}"
EndProject
Project("{FAE04EC0-301F-11D3-BF4B-00C04F79EFBC}") = "031", "031\031.csproj", "{87BACB60-15EC-4CA2-A855-420DC6B7587F}"
EndProject
Project("{FAE04EC0-301F-11D3-BF4B-00C04F79EFBC}") = "032", "032\032.csproj", "{00D0F8F4-2D71-4939-9DC0-3AEC4B119AAC}"
EndProject
Project("{FAE04EC0-301F-11D3-BF4B-00C04F79EFBC}") = "033", "033\033.csproj", "{218C1344-7D37-4A49-AFDF-845BF8318299}"
EndProject
Project("{FAE04EC0-301F-11D3-BF4B-00C04F79EFBC}") = "034", "034\034.csproj", "{8AB98BBD-F19E-4DC0-B21E-9F6D626FA1E1}"
EndProject
Project("{FAE04EC0-301F-11D3-BF4B-00C04F79EFBC}") = "035", "035\035.csproj", "{D40E82C3-E532-4F50-85EE-D2D6169A4ED9}"
EndProject
Project("{FAE04EC0-301F-11D3-BF4B-00C04F79EFBC}") = "036", "036\036.csproj", "{61EEE99F-2E86-4643-9A5D-71EDB7AE473F}"
EndProject
Project("{FAE04EC0-301F-11D3-BF4B-00C04F79EFBC}") = "037", "037\037.csproj", "{44CC2517-09E0-4C67-94F9-C6459C2989E4}"
EndProject
Project("{FAE04EC0-301F-11D3-BF4B-00C04F79EFBC}") = "038", "038\038.csproj", "{91ADE207-8561-49F2-B95A-035F78B4060D}"
EndProject
Project("{FAE04EC0-301F-11D3-BF4B-00C04F79EFBC}") = "039", "039\039.csproj", "{772712C8-DC3E-427C-86D9-45701224D9A8}"
EndProject
Project("{FAE04EC0-301F-11D3-BF4B-00C04F79EFBC}") = "040", "040\040.csproj", "{6F98FE75-7C10-4C2C-9EF2-E5B4E29F51EA}"
EndProject
Project("{FAE04EC0-301F-11D3-BF4B-00C04F79EFBC}") = "041", "041\041.csproj", "{B48271EE-22DE-4236-9C6A-B4099A40416E}"
EndProject
Project("{FAE04EC0-301F-11D3-BF4B-00C04F79EFBC}") = "042", "042\042.csproj", "{C78171F6-095D-43E0-9467-DA2041D3BFB5}"
EndProject
Project("{FAE04EC0-301F-11D3-BF4B-00C04F79EFBC}") = "043", "043\043.csproj", "{E9ABA5F1-EC38-450B-A450-7A92922DD065}"
EndProject
Project("{FAE04EC0-301F-11D3-BF4B-00C04F79EFBC}") = "044", "044\044.csproj", "{8D06F337-E8DA-4B77-94BB-375EF4AFF229}"
EndProject
Project("{FAE04EC0-301F-11D3-BF4B-00C04F79EFBC}") = "045", "045\045.csproj", "{25D30073-72ED-408D-B23C-CE3E5F82CD2F}"
EndProject
Project("{FAE04EC0-301F-11D3-BF4B-00C04F79EFBC}") = "046", "046\046.csproj", "{B3EBBF83-DE57-4962-B97C-DFDC258C9DD5}"
EndProject
Project("{FAE04EC0-301F-11D3-BF4B-00C04F79EFBC}") = "047", "047\047.csproj", "{7A04D190-F640-4722-9B6D-8E53B94F5C6F}"
EndProject
Project("{FAE04EC0-301F-11D3-BF4B-00C04F79EFBC}") = "048", "048\048.csproj", "{3E129FBF-40B2-45C9-977F-50BA465BC905}"
EndProject
Project("{FAE04EC0-301F-11D3-BF4B-00C04F79EFBC}") = "049", "049\049.csproj", "{4F62AFBF-2A4C-4D0E-B3E2-DC35EF297CED}"
EndProject
Project("{FAE04EC0-301F-11D3-BF4B-00C04F79EFBC}") = "050", "050\050.csproj", "{D806DC4A-F1A2-4C1D-A43F-8A4711FB0E59}"
EndProject
Project("{FAE04EC0-301F-11D3-BF4B-00C04F79EFBC}") = "051", "051\051.csproj", "{0401764C-C3E3-4E9C-9304-39668FC20AC4}"
EndProject
Project("{FAE04EC0-301F-11D3-BF4B-00C04F79EFBC}") = "052", "052\052.csproj", "{A0115A07-003A-4C11-8EA1-8BC103687ADD}"
EndProject
Project("{FAE04EC0-301F-11D3-BF4B-00C04F79EFBC}") = "053", "053\053.csproj", "{8371F58B-8B0B-4DCB-BB39-6EC74C4D69B2}"
EndProject
Project("{FAE04EC0-301F-11D3-BF4B-00C04F79EFBC}") = "054", "054\054.csproj", "{A3474F9B-F454-4583-8A95-129ADA13C8FB}"
EndProject
Project("{FAE04EC0-301F-11D3-BF4B-00C04F79EFBC}") = "055", "055\055.csproj", "{55C87E22-56A8-44D1-8D4F-47630FAA389D}"
EndProject
Project("{FAE04EC0-301F-11D3-BF4B-00C04F79EFBC}") = "056", "056\056.csproj", "{4D816022-A9EF-4D25-B92C-C48598D503C9}"
EndProject
Project("{FAE04EC0-301F-11D3-BF4B-00C04F79EFBC}") = "057", "057\057.csproj", "{61928760-C801-4427-A7C1-E2B583D57F94}"
EndProject
Project("{FAE04EC0-301F-11D3-BF4B-00C04F79EFBC}") = "058", "058\058.csproj", "{8DA07D45-89D6-4E44-8345-359F35495293}"
EndProject
Project("{FAE04EC0-301F-11D3-BF4B-00C04F79EFBC}") = "059", "059\059.csproj", "{C3E8012D-8C38-41A2-96B2-555E8B405A61}"
EndProject
Project("{FAE04EC0-301F-11D3-BF4B-00C04F79EFBC}") = "060", "060\060.csproj", "{F53D1921-1A8F-4C68-A8B2-B236F65DAFF2}"
EndProject
Project("{FAE04EC0-301F-11D3-BF4B-00C04F79EFBC}") = "061", "061\061.csproj", "{069CDD0C-F66C-4217-BEE6-DCBE16176942}"
EndProject
Project("{FAE04EC0-301F-11D3-BF4B-00C04F79EFBC}") = "062", "062\062.csproj", "{CAF986C8-A67D-4254-B5BF-230590C83115}"
EndProject
Project("{FAE04EC0-301F-11D3-BF4B-00C04F79EFBC}") = "063", "063\063.csproj", "{CA98963E-1D2E-4BE9-AA9B-AB65FA060F4D}"
EndProject
Project("{FAE04EC0-301F-11D3-BF4B-00C04F79EFBC}") = "064", "064\064.csproj", "{72F141C9-688E-45AB-9842-445CC318282A}"
EndProject
Project("{FAE04EC0-301F-11D3-BF4B-00C04F79EFBC}") = "065", "065\065.csproj", "{49A14A2D-116C-4516-A693-9D7872945640}"
EndProject
Project("{FAE04EC0-301F-11D3-BF4B-00C04F79EFBC}") = "066", "066\066.csproj", "{B394A53B-8EE2-4308-9F4D-7A9D8296C6B9}"
EndProject
Project("{FAE04EC0-301F-11D3-BF4B-00C04F79EFBC}") = "067", "067\067.csproj", "{02062925-A520-425E-A194-277C093AFDD8}"
EndProject
Project("{FAE04EC0-301F-11D3-BF4B-00C04F79EFBC}") = "068", "068\068.csproj", "{883A6E4A-4580-47AB-853B-C9F5E081C16F}"
EndProject
Project("{FAE04EC0-301F-11D3-BF4B-00C04F79EFBC}") = "069", "069\069.csproj", "{F6F36CC6-5E5B-4A68-B2B5-BB0F544ADD4A}"
EndProject
Project("{FAE04EC0-301F-11D3-BF4B-00C04F79EFBC}") = "070", "070\070.csproj", "{0995EDF3-BB29-4B2F-A217-FE1512D1FB71}"
EndProject
Project("{FAE04EC0-301F-11D3-BF4B-00C04F79EFBC}") = "071", "071\071.csproj", "{283D6D89-E5AA-41F2-8C9A-34F7453CDDDF}"
EndProject
Project("{FAE04EC0-301F-11D3-BF4B-00C04F79EFBC}") = "072", "072\072.csproj", "{BA38B0E6-2A2E-4590-8276-843C60A4884F}"
EndProject
Project("{FAE04EC0-301F-11D3-BF4B-00C04F79EFBC}") = "073", "073\073.csproj", "{94E81B39-BE9A-4A0C-83B9-CBC4B14C8CE5}"
EndProject
Project("{FAE04EC0-301F-11D3-BF4B-00C04F79EFBC}") = "074", "074\074.csproj", "{7CF0509A-2708-4863-9C90-86091C9BC61E}"
EndProject
Project("{FAE04EC0-301F-11D3-BF4B-00C04F79EFBC}") = "075", "075\075.csproj", "{1B5BE8F7-3C64-47FE-BB7F-595D0381E07C}"
EndProject
Project("{FAE04EC0-301F-11D3-BF4B-00C04F79EFBC}") = "076", "076\076.csproj", "{DB05C010-782E-4F13-9116-E974C705221B}"
EndProject
Global
	GlobalSection(SolutionConfigurationPlatforms) = preSolution
		Debug|Any CPU = Debug|Any CPU
		Release|Any CPU = Release|Any CPU
	EndGlobalSection
	GlobalSection(ProjectConfigurationPlatforms) = postSolution
		{F27A0A07-7AAB-44E5-8CA6-8F4F20F6FA72}.Debug|Any CPU.ActiveCfg = Debug|Any CPU
		{F27A0A07-7AAB-44E5-8CA6-8F4F20F6FA72}.Debug|Any CPU.Build.0 = Debug|Any CPU
		{F27A0A07-7AAB-44E5-8CA6-8F4F20F6FA72}.Release|Any CPU.ActiveCfg = Release|Any CPU
		{F27A0A07-7AAB-44E5-8CA6-8F4F20F6FA72}.Release|Any CPU.Build.0 = Release|Any CPU
		{EBC77734-AD82-460B-91A8-BA1D327DEBFB}.Debug|Any CPU.ActiveCfg = Debug|Any CPU
		{EBC77734-AD82-460B-91A8-BA1D327DEBFB}.Debug|Any CPU.Build.0 = Debug|Any CPU
		{EBC77734-AD82-460B-91A8-BA1D327DEBFB}.Release|Any CPU.ActiveCfg = Release|Any CPU
		{EBC77734-AD82-460B-91A8-BA1D327DEBFB}.Release|Any CPU.Build.0 = Release|Any CPU
		{29EEF222-989A-4F11-AB58-6CE95D2FF7CA}.Debug|Any CPU.ActiveCfg = Debug|Any CPU
		{29EEF222-989A-4F11-AB58-6CE95D2FF7CA}.Debug|Any CPU.Build.0 = Debug|Any CPU
		{29EEF222-989A-4F11-AB58-6CE95D2FF7CA}.Release|Any CPU.ActiveCfg = Release|Any CPU
		{29EEF222-989A-4F11-AB58-6CE95D2FF7CA}.Release|Any CPU.Build.0 = Release|Any CPU
		{985300B5-A38D-4239-883D-A531D17905B1}.Debug|Any CPU.ActiveCfg = Debug|Any CPU
		{985300B5-A38D-4239-883D-A531D17905B1}.Debug|Any CPU.Build.0 = Debug|Any CPU
		{985300B5-A38D-4239-883D-A531D17905B1}.Release|Any CPU.ActiveCfg = Release|Any CPU
		{985300B5-A38D-4239-883D-A531D17905B1}.Release|Any CPU.Build.0 = Release|Any CPU
		{201BB551-2548-4529-BA6B-462CA2507E87}.Debug|Any CPU.ActiveCfg = Debug|Any CPU
		{201BB551-2548-4529-BA6B-462CA2507E87}.Debug|Any CPU.Build.0 = Debug|Any CPU
		{201BB551-2548-4529-BA6B-462CA2507E87}.Release|Any CPU.ActiveCfg = Release|Any CPU
		{201BB551-2548-4529-BA6B-462CA2507E87}.Release|Any CPU.Build.0 = Release|Any CPU
		{6F473529-01B1-4745-89FD-C42516212E36}.Debug|Any CPU.ActiveCfg = Debug|Any CPU
		{6F473529-01B1-4745-89FD-C42516212E36}.Debug|Any CPU.Build.0 = Debug|Any CPU
		{6F473529-01B1-4745-89FD-C42516212E36}.Release|Any CPU.ActiveCfg = Release|Any CPU
		{6F473529-01B1-4745-89FD-C42516212E36}.Release|Any CPU.Build.0 = Release|Any CPU
		{F4086B85-059B-4BB5-BFD7-6EC857649726}.Debug|Any CPU.ActiveCfg = Debug|Any CPU
		{F4086B85-059B-4BB5-BFD7-6EC857649726}.Debug|Any CPU.Build.0 = Debug|Any CPU
		{F4086B85-059B-4BB5-BFD7-6EC857649726}.Release|Any CPU.ActiveCfg = Release|Any CPU
		{F4086B85-059B-4BB5-BFD7-6EC857649726}.Release|Any CPU.Build.0 = Release|Any CPU
		{FD49BF25-6537-4FAB-9C43-59470BC1DE42}.Debug|Any CPU.ActiveCfg = Debug|Any CPU
		{FD49BF25-6537-4FAB-9C43-59470BC1DE42}.Debug|Any CPU.Build.0 = Debug|Any CPU
		{FD49BF25-6537-4FAB-9C43-59470BC1DE42}.Release|Any CPU.ActiveCfg = Release|Any CPU
		{FD49BF25-6537-4FAB-9C43-59470BC1DE42}.Release|Any CPU.Build.0 = Release|Any CPU
		{140AE40C-7243-4228-A5EB-2FA4A586704E}.Debug|Any CPU.ActiveCfg = Debug|Any CPU
		{140AE40C-7243-4228-A5EB-2FA4A586704E}.Debug|Any CPU.Build.0 = Debug|Any CPU
		{140AE40C-7243-4228-A5EB-2FA4A586704E}.Release|Any CPU.ActiveCfg = Release|Any CPU
		{140AE40C-7243-4228-A5EB-2FA4A586704E}.Release|Any CPU.Build.0 = Release|Any CPU
		{B16C3273-1102-4C5D-AAEA-A587227E1C85}.Debug|Any CPU.ActiveCfg = Debug|Any CPU
		{B16C3273-1102-4C5D-AAEA-A587227E1C85}.Debug|Any CPU.Build.0 = Debug|Any CPU
		{B16C3273-1102-4C5D-AAEA-A587227E1C85}.Release|Any CPU.ActiveCfg = Release|Any CPU
		{B16C3273-1102-4C5D-AAEA-A587227E1C85}.Release|Any CPU.Build.0 = Release|Any CPU
		{9E85CEF5-4F70-4DD6-81E4-65E62BBB6879}.Debug|Any CPU.ActiveCfg = Debug|Any CPU
		{9E85CEF5-4F70-4DD6-81E4-65E62BBB6879}.Debug|Any CPU.Build.0 = Debug|Any CPU
		{9E85CEF5-4F70-4DD6-81E4-65E62BBB6879}.Release|Any CPU.ActiveCfg = Release|Any CPU
		{9E85CEF5-4F70-4DD6-81E4-65E62BBB6879}.Release|Any CPU.Build.0 = Release|Any CPU
		{80495772-D951-4415-9010-80518815546D}.Debug|Any CPU.ActiveCfg = Debug|Any CPU
		{80495772-D951-4415-9010-80518815546D}.Debug|Any CPU.Build.0 = Debug|Any CPU
		{80495772-D951-4415-9010-80518815546D}.Release|Any CPU.ActiveCfg = Release|Any CPU
		{80495772-D951-4415-9010-80518815546D}.Release|Any CPU.Build.0 = Release|Any CPU
		{F4BAB8DC-63B7-48BE-A75B-1B06CCF87EF8}.Debug|Any CPU.ActiveCfg = Debug|Any CPU
		{F4BAB8DC-63B7-48BE-A75B-1B06CCF87EF8}.Release|Any CPU.ActiveCfg = Release|Any CPU
		{F4BAB8DC-63B7-48BE-A75B-1B06CCF87EF8}.Release|Any CPU.Build.0 = Release|Any CPU
		{F4ADE11F-8A72-475E-8BD2-3379AFF28266}.Debug|Any CPU.ActiveCfg = Debug|Any CPU
		{F4ADE11F-8A72-475E-8BD2-3379AFF28266}.Release|Any CPU.ActiveCfg = Release|Any CPU
		{F4ADE11F-8A72-475E-8BD2-3379AFF28266}.Release|Any CPU.Build.0 = Release|Any CPU
		{52C2D145-BF36-4772-BE27-C250F7A7B00B}.Debug|Any CPU.ActiveCfg = Debug|Any CPU
		{52C2D145-BF36-4772-BE27-C250F7A7B00B}.Release|Any CPU.ActiveCfg = Release|Any CPU
		{52C2D145-BF36-4772-BE27-C250F7A7B00B}.Release|Any CPU.Build.0 = Release|Any CPU
		{3811CA27-0C24-41F4-997B-A2765A77D190}.Debug|Any CPU.ActiveCfg = Debug|Any CPU
		{3811CA27-0C24-41F4-997B-A2765A77D190}.Release|Any CPU.ActiveCfg = Release|Any CPU
		{3811CA27-0C24-41F4-997B-A2765A77D190}.Release|Any CPU.Build.0 = Release|Any CPU
		{466B8E53-0A44-46D5-AFEB-31A81C0320F0}.Debug|Any CPU.ActiveCfg = Debug|Any CPU
		{466B8E53-0A44-46D5-AFEB-31A81C0320F0}.Release|Any CPU.ActiveCfg = Release|Any CPU
		{466B8E53-0A44-46D5-AFEB-31A81C0320F0}.Release|Any CPU.Build.0 = Release|Any CPU
		{0B4BF95F-650D-47B5-8E48-CF68CC0BDF9A}.Debug|Any CPU.ActiveCfg = Debug|Any CPU
		{0B4BF95F-650D-47B5-8E48-CF68CC0BDF9A}.Release|Any CPU.ActiveCfg = Release|Any CPU
		{0B4BF95F-650D-47B5-8E48-CF68CC0BDF9A}.Release|Any CPU.Build.0 = Release|Any CPU
		{6B05D586-6462-4A4F-BC63-27B3519CA3BF}.Debug|Any CPU.ActiveCfg = Debug|Any CPU
		{6B05D586-6462-4A4F-BC63-27B3519CA3BF}.Release|Any CPU.ActiveCfg = Release|Any CPU
		{6B05D586-6462-4A4F-BC63-27B3519CA3BF}.Release|Any CPU.Build.0 = Release|Any CPU
		{E87CA6F0-3991-4ED2-B7DB-7298466DB81C}.Debug|Any CPU.ActiveCfg = Debug|Any CPU
		{E87CA6F0-3991-4ED2-B7DB-7298466DB81C}.Release|Any CPU.ActiveCfg = Release|Any CPU
		{E87CA6F0-3991-4ED2-B7DB-7298466DB81C}.Release|Any CPU.Build.0 = Release|Any CPU
		{38D28F99-3125-4965-A2A2-5EE082782A1D}.Debug|Any CPU.ActiveCfg = Debug|Any CPU
		{38D28F99-3125-4965-A2A2-5EE082782A1D}.Release|Any CPU.ActiveCfg = Release|Any CPU
		{38D28F99-3125-4965-A2A2-5EE082782A1D}.Release|Any CPU.Build.0 = Release|Any CPU
		{EF8B163C-FB99-4BAB-9FFE-F2F4239013E2}.Debug|Any CPU.ActiveCfg = Debug|Any CPU
		{EF8B163C-FB99-4BAB-9FFE-F2F4239013E2}.Release|Any CPU.ActiveCfg = Release|Any CPU
		{EF8B163C-FB99-4BAB-9FFE-F2F4239013E2}.Release|Any CPU.Build.0 = Release|Any CPU
		{6A0B8041-FDE5-4417-A1FD-ECAEAD2DE41F}.Debug|Any CPU.ActiveCfg = Debug|Any CPU
		{6A0B8041-FDE5-4417-A1FD-ECAEAD2DE41F}.Release|Any CPU.ActiveCfg = Release|Any CPU
		{6A0B8041-FDE5-4417-A1FD-ECAEAD2DE41F}.Release|Any CPU.Build.0 = Release|Any CPU
		{E965C90C-EA23-494E-A83B-2E76FA4A052E}.Debug|Any CPU.ActiveCfg = Debug|Any CPU
		{E965C90C-EA23-494E-A83B-2E76FA4A052E}.Release|Any CPU.ActiveCfg = Release|Any CPU
		{E965C90C-EA23-494E-A83B-2E76FA4A052E}.Release|Any CPU.Build.0 = Release|Any CPU
		{08D76BE3-AA44-456A-9CF8-401E24A7748F}.Debug|Any CPU.ActiveCfg = Debug|Any CPU
		{08D76BE3-AA44-456A-9CF8-401E24A7748F}.Release|Any CPU.ActiveCfg = Release|Any CPU
		{08D76BE3-AA44-456A-9CF8-401E24A7748F}.Release|Any CPU.Build.0 = Release|Any CPU
		{70103C67-FDCE-4238-8D0D-C9BBCE71EB47}.Debug|Any CPU.ActiveCfg = Debug|Any CPU
		{70103C67-FDCE-4238-8D0D-C9BBCE71EB47}.Release|Any CPU.ActiveCfg = Release|Any CPU
		{70103C67-FDCE-4238-8D0D-C9BBCE71EB47}.Release|Any CPU.Build.0 = Release|Any CPU
		{ECC1FCED-EB71-4663-A0C2-EA5E15A392A7}.Debug|Any CPU.ActiveCfg = Debug|Any CPU
		{ECC1FCED-EB71-4663-A0C2-EA5E15A392A7}.Release|Any CPU.ActiveCfg = Release|Any CPU
		{ECC1FCED-EB71-4663-A0C2-EA5E15A392A7}.Release|Any CPU.Build.0 = Release|Any CPU
		{CBCDE3F7-0851-4D45-BFEA-459341936DF5}.Debug|Any CPU.ActiveCfg = Debug|Any CPU
		{CBCDE3F7-0851-4D45-BFEA-459341936DF5}.Release|Any CPU.ActiveCfg = Release|Any CPU
		{CBCDE3F7-0851-4D45-BFEA-459341936DF5}.Release|Any CPU.Build.0 = Release|Any CPU
		{AAE655A8-E1D6-4102-955D-68B2BC3C0092}.Debug|Any CPU.ActiveCfg = Debug|Any CPU
		{AAE655A8-E1D6-4102-955D-68B2BC3C0092}.Release|Any CPU.ActiveCfg = Release|Any CPU
		{AAE655A8-E1D6-4102-955D-68B2BC3C0092}.Release|Any CPU.Build.0 = Release|Any CPU
		{0353B1D6-CAE8-4FA9-B5B8-00DBF8D25B44}.Debug|Any CPU.ActiveCfg = Debug|Any CPU
		{0353B1D6-CAE8-4FA9-B5B8-00DBF8D25B44}.Release|Any CPU.ActiveCfg = Release|Any CPU
		{0353B1D6-CAE8-4FA9-B5B8-00DBF8D25B44}.Release|Any CPU.Build.0 = Release|Any CPU
		{87BACB60-15EC-4CA2-A855-420DC6B7587F}.Debug|Any CPU.ActiveCfg = Debug|Any CPU
		{87BACB60-15EC-4CA2-A855-420DC6B7587F}.Release|Any CPU.ActiveCfg = Release|Any CPU
		{87BACB60-15EC-4CA2-A855-420DC6B7587F}.Release|Any CPU.Build.0 = Release|Any CPU
		{00D0F8F4-2D71-4939-9DC0-3AEC4B119AAC}.Debug|Any CPU.ActiveCfg = Debug|Any CPU
		{00D0F8F4-2D71-4939-9DC0-3AEC4B119AAC}.Release|Any CPU.ActiveCfg = Release|Any CPU
		{00D0F8F4-2D71-4939-9DC0-3AEC4B119AAC}.Release|Any CPU.Build.0 = Release|Any CPU
		{218C1344-7D37-4A49-AFDF-845BF8318299}.Debug|Any CPU.ActiveCfg = Debug|Any CPU
		{218C1344-7D37-4A49-AFDF-845BF8318299}.Release|Any CPU.ActiveCfg = Release|Any CPU
		{218C1344-7D37-4A49-AFDF-845BF8318299}.Release|Any CPU.Build.0 = Release|Any CPU
		{8AB98BBD-F19E-4DC0-B21E-9F6D626FA1E1}.Debug|Any CPU.ActiveCfg = Debug|Any CPU
		{8AB98BBD-F19E-4DC0-B21E-9F6D626FA1E1}.Release|Any CPU.ActiveCfg = Release|Any CPU
		{8AB98BBD-F19E-4DC0-B21E-9F6D626FA1E1}.Release|Any CPU.Build.0 = Release|Any CPU
		{D40E82C3-E532-4F50-85EE-D2D6169A4ED9}.Debug|Any CPU.ActiveCfg = Debug|Any CPU
		{D40E82C3-E532-4F50-85EE-D2D6169A4ED9}.Release|Any CPU.ActiveCfg = Release|Any CPU
		{D40E82C3-E532-4F50-85EE-D2D6169A4ED9}.Release|Any CPU.Build.0 = Release|Any CPU
		{61EEE99F-2E86-4643-9A5D-71EDB7AE473F}.Debug|Any CPU.ActiveCfg = Debug|Any CPU
		{61EEE99F-2E86-4643-9A5D-71EDB7AE473F}.Release|Any CPU.ActiveCfg = Release|Any CPU
		{61EEE99F-2E86-4643-9A5D-71EDB7AE473F}.Release|Any CPU.Build.0 = Release|Any CPU
		{44CC2517-09E0-4C67-94F9-C6459C2989E4}.Debug|Any CPU.ActiveCfg = Debug|Any CPU
		{44CC2517-09E0-4C67-94F9-C6459C2989E4}.Release|Any CPU.ActiveCfg = Release|Any CPU
		{44CC2517-09E0-4C67-94F9-C6459C2989E4}.Release|Any CPU.Build.0 = Release|Any CPU
		{91ADE207-8561-49F2-B95A-035F78B4060D}.Debug|Any CPU.ActiveCfg = Debug|Any CPU
		{91ADE207-8561-49F2-B95A-035F78B4060D}.Release|Any CPU.ActiveCfg = Release|Any CPU
		{91ADE207-8561-49F2-B95A-035F78B4060D}.Release|Any CPU.Build.0 = Release|Any CPU
		{772712C8-DC3E-427C-86D9-45701224D9A8}.Debug|Any CPU.ActiveCfg = Debug|Any CPU
		{772712C8-DC3E-427C-86D9-45701224D9A8}.Release|Any CPU.ActiveCfg = Release|Any CPU
		{772712C8-DC3E-427C-86D9-45701224D9A8}.Release|Any CPU.Build.0 = Release|Any CPU
		{6F98FE75-7C10-4C2C-9EF2-E5B4E29F51EA}.Debug|Any CPU.ActiveCfg = Debug|Any CPU
		{6F98FE75-7C10-4C2C-9EF2-E5B4E29F51EA}.Release|Any CPU.ActiveCfg = Release|Any CPU
		{6F98FE75-7C10-4C2C-9EF2-E5B4E29F51EA}.Release|Any CPU.Build.0 = Release|Any CPU
		{B48271EE-22DE-4236-9C6A-B4099A40416E}.Debug|Any CPU.ActiveCfg = Debug|Any CPU
		{B48271EE-22DE-4236-9C6A-B4099A40416E}.Release|Any CPU.ActiveCfg = Release|Any CPU
		{B48271EE-22DE-4236-9C6A-B4099A40416E}.Release|Any CPU.Build.0 = Release|Any CPU
		{C78171F6-095D-43E0-9467-DA2041D3BFB5}.Debug|Any CPU.ActiveCfg = Debug|Any CPU
		{C78171F6-095D-43E0-9467-DA2041D3BFB5}.Release|Any CPU.ActiveCfg = Release|Any CPU
		{C78171F6-095D-43E0-9467-DA2041D3BFB5}.Release|Any CPU.Build.0 = Release|Any CPU
		{E9ABA5F1-EC38-450B-A450-7A92922DD065}.Debug|Any CPU.ActiveCfg = Debug|Any CPU
		{E9ABA5F1-EC38-450B-A450-7A92922DD065}.Release|Any CPU.ActiveCfg = Release|Any CPU
		{E9ABA5F1-EC38-450B-A450-7A92922DD065}.Release|Any CPU.Build.0 = Release|Any CPU
		{8D06F337-E8DA-4B77-94BB-375EF4AFF229}.Debug|Any CPU.ActiveCfg = Debug|Any CPU
		{8D06F337-E8DA-4B77-94BB-375EF4AFF229}.Release|Any CPU.ActiveCfg = Release|Any CPU
		{8D06F337-E8DA-4B77-94BB-375EF4AFF229}.Release|Any CPU.Build.0 = Release|Any CPU
		{25D30073-72ED-408D-B23C-CE3E5F82CD2F}.Debug|Any CPU.ActiveCfg = Debug|Any CPU
		{25D30073-72ED-408D-B23C-CE3E5F82CD2F}.Release|Any CPU.ActiveCfg = Release|Any CPU
		{25D30073-72ED-408D-B23C-CE3E5F82CD2F}.Release|Any CPU.Build.0 = Release|Any CPU
		{B3EBBF83-DE57-4962-B97C-DFDC258C9DD5}.Debug|Any CPU.ActiveCfg = Debug|Any CPU
		{B3EBBF83-DE57-4962-B97C-DFDC258C9DD5}.Release|Any CPU.ActiveCfg = Release|Any CPU
		{B3EBBF83-DE57-4962-B97C-DFDC258C9DD5}.Release|Any CPU.Build.0 = Release|Any CPU
		{7A04D190-F640-4722-9B6D-8E53B94F5C6F}.Debug|Any CPU.ActiveCfg = Debug|Any CPU
		{7A04D190-F640-4722-9B6D-8E53B94F5C6F}.Release|Any CPU.ActiveCfg = Release|Any CPU
		{7A04D190-F640-4722-9B6D-8E53B94F5C6F}.Release|Any CPU.Build.0 = Release|Any CPU
		{3E129FBF-40B2-45C9-977F-50BA465BC905}.Debug|Any CPU.ActiveCfg = Debug|Any CPU
		{3E129FBF-40B2-45C9-977F-50BA465BC905}.Release|Any CPU.ActiveCfg = Release|Any CPU
		{3E129FBF-40B2-45C9-977F-50BA465BC905}.Release|Any CPU.Build.0 = Release|Any CPU
		{4F62AFBF-2A4C-4D0E-B3E2-DC35EF297CED}.Debug|Any CPU.ActiveCfg = Debug|Any CPU
		{4F62AFBF-2A4C-4D0E-B3E2-DC35EF297CED}.Release|Any CPU.ActiveCfg = Release|Any CPU
		{4F62AFBF-2A4C-4D0E-B3E2-DC35EF297CED}.Release|Any CPU.Build.0 = Release|Any CPU
		{D806DC4A-F1A2-4C1D-A43F-8A4711FB0E59}.Debug|Any CPU.ActiveCfg = Debug|Any CPU
		{D806DC4A-F1A2-4C1D-A43F-8A4711FB0E59}.Release|Any CPU.ActiveCfg = Release|Any CPU
		{D806DC4A-F1A2-4C1D-A43F-8A4711FB0E59}.Release|Any CPU.Build.0 = Release|Any CPU
		{0401764C-C3E3-4E9C-9304-39668FC20AC4}.Debug|Any CPU.ActiveCfg = Debug|Any CPU
		{0401764C-C3E3-4E9C-9304-39668FC20AC4}.Release|Any CPU.ActiveCfg = Release|Any CPU
		{0401764C-C3E3-4E9C-9304-39668FC20AC4}.Release|Any CPU.Build.0 = Release|Any CPU
		{A0115A07-003A-4C11-8EA1-8BC103687ADD}.Debug|Any CPU.ActiveCfg = Debug|Any CPU
		{A0115A07-003A-4C11-8EA1-8BC103687ADD}.Release|Any CPU.ActiveCfg = Release|Any CPU
		{A0115A07-003A-4C11-8EA1-8BC103687ADD}.Release|Any CPU.Build.0 = Release|Any CPU
		{8371F58B-8B0B-4DCB-BB39-6EC74C4D69B2}.Debug|Any CPU.ActiveCfg = Debug|Any CPU
		{8371F58B-8B0B-4DCB-BB39-6EC74C4D69B2}.Release|Any CPU.ActiveCfg = Release|Any CPU
		{8371F58B-8B0B-4DCB-BB39-6EC74C4D69B2}.Release|Any CPU.Build.0 = Release|Any CPU
		{A3474F9B-F454-4583-8A95-129ADA13C8FB}.Debug|Any CPU.ActiveCfg = Debug|Any CPU
		{A3474F9B-F454-4583-8A95-129ADA13C8FB}.Release|Any CPU.ActiveCfg = Release|Any CPU
		{A3474F9B-F454-4583-8A95-129ADA13C8FB}.Release|Any CPU.Build.0 = Release|Any CPU
		{55C87E22-56A8-44D1-8D4F-47630FAA389D}.Debug|Any CPU.ActiveCfg = Debug|Any CPU
		{55C87E22-56A8-44D1-8D4F-47630FAA389D}.Release|Any CPU.ActiveCfg = Release|Any CPU
		{55C87E22-56A8-44D1-8D4F-47630FAA389D}.Release|Any CPU.Build.0 = Release|Any CPU
		{4D816022-A9EF-4D25-B92C-C48598D503C9}.Debug|Any CPU.ActiveCfg = Debug|Any CPU
		{4D816022-A9EF-4D25-B92C-C48598D503C9}.Release|Any CPU.ActiveCfg = Release|Any CPU
		{4D816022-A9EF-4D25-B92C-C48598D503C9}.Release|Any CPU.Build.0 = Release|Any CPU
		{61928760-C801-4427-A7C1-E2B583D57F94}.Debug|Any CPU.ActiveCfg = Debug|Any CPU
		{61928760-C801-4427-A7C1-E2B583D57F94}.Release|Any CPU.ActiveCfg = Release|Any CPU
		{61928760-C801-4427-A7C1-E2B583D57F94}.Release|Any CPU.Build.0 = Release|Any CPU
		{8DA07D45-89D6-4E44-8345-359F35495293}.Debug|Any CPU.ActiveCfg = Debug|Any CPU
		{8DA07D45-89D6-4E44-8345-359F35495293}.Release|Any CPU.ActiveCfg = Release|Any CPU
		{8DA07D45-89D6-4E44-8345-359F35495293}.Release|Any CPU.Build.0 = Release|Any CPU
		{C3E8012D-8C38-41A2-96B2-555E8B405A61}.Debug|Any CPU.ActiveCfg = Debug|Any CPU
		{C3E8012D-8C38-41A2-96B2-555E8B405A61}.Release|Any CPU.ActiveCfg = Release|Any CPU
		{C3E8012D-8C38-41A2-96B2-555E8B405A61}.Release|Any CPU.Build.0 = Release|Any CPU
		{F53D1921-1A8F-4C68-A8B2-B236F65DAFF2}.Debug|Any CPU.ActiveCfg = Debug|Any CPU
		{F53D1921-1A8F-4C68-A8B2-B236F65DAFF2}.Release|Any CPU.ActiveCfg = Release|Any CPU
		{F53D1921-1A8F-4C68-A8B2-B236F65DAFF2}.Release|Any CPU.Build.0 = Release|Any CPU
		{069CDD0C-F66C-4217-BEE6-DCBE16176942}.Debug|Any CPU.ActiveCfg = Debug|Any CPU
		{069CDD0C-F66C-4217-BEE6-DCBE16176942}.Release|Any CPU.ActiveCfg = Release|Any CPU
		{069CDD0C-F66C-4217-BEE6-DCBE16176942}.Release|Any CPU.Build.0 = Release|Any CPU
		{CAF986C8-A67D-4254-B5BF-230590C83115}.Debug|Any CPU.ActiveCfg = Debug|Any CPU
		{CAF986C8-A67D-4254-B5BF-230590C83115}.Release|Any CPU.ActiveCfg = Release|Any CPU
		{CAF986C8-A67D-4254-B5BF-230590C83115}.Release|Any CPU.Build.0 = Release|Any CPU
		{CA98963E-1D2E-4BE9-AA9B-AB65FA060F4D}.Debug|Any CPU.ActiveCfg = Debug|Any CPU
		{CA98963E-1D2E-4BE9-AA9B-AB65FA060F4D}.Release|Any CPU.ActiveCfg = Release|Any CPU
		{CA98963E-1D2E-4BE9-AA9B-AB65FA060F4D}.Release|Any CPU.Build.0 = Release|Any CPU
		{72F141C9-688E-45AB-9842-445CC318282A}.Debug|Any CPU.ActiveCfg = Debug|Any CPU
		{72F141C9-688E-45AB-9842-445CC318282A}.Release|Any CPU.ActiveCfg = Release|Any CPU
		{72F141C9-688E-45AB-9842-445CC318282A}.Release|Any CPU.Build.0 = Release|Any CPU
		{49A14A2D-116C-4516-A693-9D7872945640}.Debug|Any CPU.ActiveCfg = Debug|Any CPU
		{49A14A2D-116C-4516-A693-9D7872945640}.Release|Any CPU.ActiveCfg = Release|Any CPU
		{49A14A2D-116C-4516-A693-9D7872945640}.Release|Any CPU.Build.0 = Release|Any CPU
		{B394A53B-8EE2-4308-9F4D-7A9D8296C6B9}.Debug|Any CPU.ActiveCfg = Debug|Any CPU
		{B394A53B-8EE2-4308-9F4D-7A9D8296C6B9}.Release|Any CPU.ActiveCfg = Release|Any CPU
		{B394A53B-8EE2-4308-9F4D-7A9D8296C6B9}.Release|Any CPU.Build.0 = Release|Any CPU
		{02062925-A520-425E-A194-277C093AFDD8}.Debug|Any CPU.ActiveCfg = Debug|Any CPU
		{02062925-A520-425E-A194-277C093AFDD8}.Release|Any CPU.ActiveCfg = Release|Any CPU
		{02062925-A520-425E-A194-277C093AFDD8}.Release|Any CPU.Build.0 = Release|Any CPU
		{883A6E4A-4580-47AB-853B-C9F5E081C16F}.Debug|Any CPU.ActiveCfg = Debug|Any CPU
		{883A6E4A-4580-47AB-853B-C9F5E081C16F}.Release|Any CPU.ActiveCfg = Release|Any CPU
		{883A6E4A-4580-47AB-853B-C9F5E081C16F}.Release|Any CPU.Build.0 = Release|Any CPU
		{F6F36CC6-5E5B-4A68-B2B5-BB0F544ADD4A}.Debug|Any CPU.ActiveCfg = Debug|Any CPU
		{F6F36CC6-5E5B-4A68-B2B5-BB0F544ADD4A}.Release|Any CPU.ActiveCfg = Release|Any CPU
		{F6F36CC6-5E5B-4A68-B2B5-BB0F544ADD4A}.Release|Any CPU.Build.0 = Release|Any CPU
		{0995EDF3-BB29-4B2F-A217-FE1512D1FB71}.Debug|Any CPU.ActiveCfg = Debug|Any CPU
		{0995EDF3-BB29-4B2F-A217-FE1512D1FB71}.Release|Any CPU.ActiveCfg = Release|Any CPU
		{0995EDF3-BB29-4B2F-A217-FE1512D1FB71}.Release|Any CPU.Build.0 = Release|Any CPU
		{283D6D89-E5AA-41F2-8C9A-34F7453CDDDF}.Debug|Any CPU.ActiveCfg = Debug|Any CPU
		{283D6D89-E5AA-41F2-8C9A-34F7453CDDDF}.Release|Any CPU.ActiveCfg = Release|Any CPU
		{283D6D89-E5AA-41F2-8C9A-34F7453CDDDF}.Release|Any CPU.Build.0 = Release|Any CPU
		{BA38B0E6-2A2E-4590-8276-843C60A4884F}.Debug|Any CPU.ActiveCfg = Debug|Any CPU
		{BA38B0E6-2A2E-4590-8276-843C60A4884F}.Release|Any CPU.ActiveCfg = Release|Any CPU
		{BA38B0E6-2A2E-4590-8276-843C60A4884F}.Release|Any CPU.Build.0 = Release|Any CPU
		{94E81B39-BE9A-4A0C-83B9-CBC4B14C8CE5}.Debug|Any CPU.ActiveCfg = Debug|Any CPU
		{94E81B39-BE9A-4A0C-83B9-CBC4B14C8CE5}.Release|Any CPU.ActiveCfg = Release|Any CPU
		{94E81B39-BE9A-4A0C-83B9-CBC4B14C8CE5}.Release|Any CPU.Build.0 = Release|Any CPU
		{7CF0509A-2708-4863-9C90-86091C9BC61E}.Debug|Any CPU.ActiveCfg = Debug|Any CPU
		{7CF0509A-2708-4863-9C90-86091C9BC61E}.Release|Any CPU.ActiveCfg = Release|Any CPU
		{7CF0509A-2708-4863-9C90-86091C9BC61E}.Release|Any CPU.Build.0 = Release|Any CPU
		{1B5BE8F7-3C64-47FE-BB7F-595D0381E07C}.Debug|Any CPU.ActiveCfg = Debug|Any CPU
		{1B5BE8F7-3C64-47FE-BB7F-595D0381E07C}.Release|Any CPU.ActiveCfg = Release|Any CPU
		{1B5BE8F7-3C64-47FE-BB7F-595D0381E07C}.Release|Any CPU.Build.0 = Release|Any CPU
		{DB05C010-782E-4F13-9116-E974C705221B}.Debug|Any CPU.ActiveCfg = Debug|Any CPU
		{DB05C010-782E-4F13-9116-E974C705221B}.Release|Any CPU.ActiveCfg = Release|Any CPU
		{DB05C010-782E-4F13-9116-E974C705221B}.Release|Any CPU.Build.0 = Release|Any CPU
	EndGlobalSection
	GlobalSection(SolutionProperties) = preSolution
		HideSolutionNode = FALSE
	EndGlobalSection
EndGlobal
