
Microsoft Visual Studio Solution File, Format Version 9.00
# Visual Studio 2005
Project("{FAE04EC0-301F-11D3-BF4B-00C04F79EFBC}") = "himusic", "himusic\himusic.csproj", "{F35A3F2B-9AA7-4320-A024-D3D116EEE7DA}"
	ProjectSection(WebsiteProperties) = preProject
		Debug.AspNetCompiler.Debug = "True"
		Release.AspNetCompiler.Debug = "False"
	EndProjectSection
EndProject
Global
	GlobalSection(SolutionConfigurationPlatforms) = preSolution
		Debug|Any CPU = Debug|Any CPU
		Release|Any CPU = Release|Any CPU
	EndGlobalSection
	GlobalSection(ProjectConfigurationPlatforms) = postSolution
		{F35A3F2B-9AA7-4320-A024-D3D116EEE7DA}.Debug|Any CPU.ActiveCfg = Debug|Any CPU
		{F35A3F2B-9AA7-4320-A024-D3D116EEE7DA}.Debug|Any CPU.Build.0 = Debug|Any CPU
		{F35A3F2B-9AA7-4320-A024-D3D116EEE7DA}.Release|Any CPU.ActiveCfg = Release|Any CPU
		{F35A3F2B-9AA7-4320-A024-D3D116EEE7DA}.Release|Any CPU.Build.0 = Release|Any CPU
	EndGlobalSection
	GlobalSection(SolutionProperties) = preSolution
		HideSolutionNode = FALSE
	EndGlobalSection
EndGlobal
