
Microsoft Visual Studio Solution File, Format Version 9.00
# Visual Studio 2005
Project("{FAE04EC0-301F-11D3-BF4B-00C04F79EFBC}") = "Paint", "Paint\Paint.csproj", "{A23DD3F0-DA19-4921-8329-5B7EC62D37E2}"
EndProject
Project("{FAE04EC0-301F-11D3-BF4B-00C04F79EFBC}") = "PaintLib", "PaintLib\PaintLib.csproj", "{C8F7FF70-0FE6-4B2F-92E5-95137DEFAE74}"
EndProject
Global
	GlobalSection(SolutionConfigurationPlatforms) = preSolution
		Debug|Any CPU = Debug|Any CPU
		Release|Any CPU = Release|Any CPU
	EndGlobalSection
	GlobalSection(ProjectConfigurationPlatforms) = postSolution
		{A23DD3F0-DA19-4921-8329-5B7EC62D37E2}.Debug|Any CPU.ActiveCfg = Debug|Any CPU
		{A23DD3F0-DA19-4921-8329-5B7EC62D37E2}.Debug|Any CPU.Build.0 = Debug|Any CPU
		{A23DD3F0-DA19-4921-8329-5B7EC62D37E2}.Release|Any CPU.ActiveCfg = Release|Any CPU
		{A23DD3F0-DA19-4921-8329-5B7EC62D37E2}.Release|Any CPU.Build.0 = Release|Any CPU
		{C8F7FF70-0FE6-4B2F-92E5-95137DEFAE74}.Debug|Any CPU.ActiveCfg = Debug|Any CPU
		{C8F7FF70-0FE6-4B2F-92E5-95137DEFAE74}.Debug|Any CPU.Build.0 = Debug|Any CPU
		{C8F7FF70-0FE6-4B2F-92E5-95137DEFAE74}.Release|Any CPU.ActiveCfg = Release|Any CPU
		{C8F7FF70-0FE6-4B2F-92E5-95137DEFAE74}.Release|Any CPU.Build.0 = Release|Any CPU
	EndGlobalSection
	GlobalSection(SolutionProperties) = preSolution
		HideSolutionNode = FALSE
	EndGlobalSection
EndGlobal
