
Microsoft Visual Studio Solution File, Format Version 9.00
# Visual Studio 2005
Project("{FAE04EC0-301F-11D3-BF4B-00C04F79EFBC}") = "RSAApp", "RSAApp\RSAApp.csproj", "{A78FBEF7-2751-4F50-9223-198B64680822}"
EndProject
Global
	GlobalSection(SolutionConfigurationPlatforms) = preSolution
		Debug|Any CPU = Debug|Any CPU
		Release|Any CPU = Release|Any CPU
	EndGlobalSection
	GlobalSection(ProjectConfigurationPlatforms) = postSolution
		{A78FBEF7-2751-4F50-9223-198B64680822}.Debug|Any CPU.ActiveCfg = Debug|Any CPU
		{A78FBEF7-2751-4F50-9223-198B64680822}.Debug|Any CPU.Build.0 = Debug|Any CPU
		{A78FBEF7-2751-4F50-9223-198B64680822}.Release|Any CPU.ActiveCfg = Release|Any CPU
		{A78FBEF7-2751-4F50-9223-198B64680822}.Release|Any CPU.Build.0 = Release|Any CPU
	EndGlobalSection
	GlobalSection(SolutionProperties) = preSolution
		HideSolutionNode = FALSE
	EndGlobalSection
EndGlobal
