
Microsoft Visual Studio Solution File, Format Version 9.00
# Visual Studio 2005
Project("{FAE04EC0-301F-11D3-BF4B-00C04F79EFBC}") = "DaySo", "DaySo\DaySo.csproj", "{E88555A6-9C98-4285-8CEF-35A172700FAA}"
EndProject
Global
	GlobalSection(SolutionConfigurationPlatforms) = preSolution
		Debug|Any CPU = Debug|Any CPU
		Release|Any CPU = Release|Any CPU
	EndGlobalSection
	GlobalSection(ProjectConfigurationPlatforms) = postSolution
		{E88555A6-9C98-4285-8CEF-35A172700FAA}.Debug|Any CPU.ActiveCfg = Debug|Any CPU
		{E88555A6-9C98-4285-8CEF-35A172700FAA}.Debug|Any CPU.Build.0 = Debug|Any CPU
		{E88555A6-9C98-4285-8CEF-35A172700FAA}.Release|Any CPU.ActiveCfg = Release|Any CPU
		{E88555A6-9C98-4285-8CEF-35A172700FAA}.Release|Any CPU.Build.0 = Release|Any CPU
	EndGlobalSection
	GlobalSection(SolutionProperties) = preSolution
		HideSolutionNode = FALSE
	EndGlobalSection
EndGlobal
