
Microsoft Visual Studio Solution File, Format Version 9.00
# Visual Studio 2005
Project("{FAE04EC0-301F-11D3-BF4B-00C04F79EFBC}") = "01DonThuc", "01DonThuc\01DonThuc.csproj", "{6707A787-3D32-4AED-9324-27BD88F26A1B}"
EndProject
Project("{FAE04EC0-301F-11D3-BF4B-00C04F79EFBC}") = "02DaySo", "02DaySo\02DaySo.csproj", "{86E35AA5-DC69-4E96-A51C-394D0A391F42}"
EndProject
Project("{FAE04EC0-301F-11D3-BF4B-00C04F79EFBC}") = "03DayPhanSo", "03DayPhanSo\03DayPhanSo.csproj", "{D69BC787-A2EC-40DB-B658-5FE891A4AE3A}"
EndProject
Project("{FAE04EC0-301F-11D3-BF4B-00C04F79EFBC}") = "04MaTran", "04MaTran\04MaTran.csproj", "{81F801E9-DBEA-46F5-B162-EA47F79248BE}"
EndProject
Project("{FAE04EC0-301F-11D3-BF4B-00C04F79EFBC}") = "05ThongTinTruong", "05ThongTinTruong\05ThongTinTruong.csproj", "{95B8D320-8E2B-45B7-B9FB-32871641EDE6}"
EndProject
Global
	GlobalSection(SolutionConfigurationPlatforms) = preSolution
		Debug|Any CPU = Debug|Any CPU
		Release|Any CPU = Release|Any CPU
	EndGlobalSection
	GlobalSection(ProjectConfigurationPlatforms) = postSolution
		{6707A787-3D32-4AED-9324-27BD88F26A1B}.Debug|Any CPU.ActiveCfg = Debug|Any CPU
		{6707A787-3D32-4AED-9324-27BD88F26A1B}.Debug|Any CPU.Build.0 = Debug|Any CPU
		{6707A787-3D32-4AED-9324-27BD88F26A1B}.Release|Any CPU.ActiveCfg = Release|Any CPU
		{6707A787-3D32-4AED-9324-27BD88F26A1B}.Release|Any CPU.Build.0 = Release|Any CPU
		{86E35AA5-DC69-4E96-A51C-394D0A391F42}.Debug|Any CPU.ActiveCfg = Debug|Any CPU
		{86E35AA5-DC69-4E96-A51C-394D0A391F42}.Debug|Any CPU.Build.0 = Debug|Any CPU
		{86E35AA5-DC69-4E96-A51C-394D0A391F42}.Release|Any CPU.ActiveCfg = Release|Any CPU
		{86E35AA5-DC69-4E96-A51C-394D0A391F42}.Release|Any CPU.Build.0 = Release|Any CPU
		{D69BC787-A2EC-40DB-B658-5FE891A4AE3A}.Debug|Any CPU.ActiveCfg = Debug|Any CPU
		{D69BC787-A2EC-40DB-B658-5FE891A4AE3A}.Debug|Any CPU.Build.0 = Debug|Any CPU
		{D69BC787-A2EC-40DB-B658-5FE891A4AE3A}.Release|Any CPU.ActiveCfg = Release|Any CPU
		{D69BC787-A2EC-40DB-B658-5FE891A4AE3A}.Release|Any CPU.Build.0 = Release|Any CPU
		{81F801E9-DBEA-46F5-B162-EA47F79248BE}.Debug|Any CPU.ActiveCfg = Debug|Any CPU
		{81F801E9-DBEA-46F5-B162-EA47F79248BE}.Debug|Any CPU.Build.0 = Debug|Any CPU
		{81F801E9-DBEA-46F5-B162-EA47F79248BE}.Release|Any CPU.ActiveCfg = Release|Any CPU
		{81F801E9-DBEA-46F5-B162-EA47F79248BE}.Release|Any CPU.Build.0 = Release|Any CPU
		{95B8D320-8E2B-45B7-B9FB-32871641EDE6}.Debug|Any CPU.ActiveCfg = Debug|Any CPU
		{95B8D320-8E2B-45B7-B9FB-32871641EDE6}.Debug|Any CPU.Build.0 = Debug|Any CPU
		{95B8D320-8E2B-45B7-B9FB-32871641EDE6}.Release|Any CPU.ActiveCfg = Release|Any CPU
		{95B8D320-8E2B-45B7-B9FB-32871641EDE6}.Release|Any CPU.Build.0 = Release|Any CPU
	EndGlobalSection
	GlobalSection(SolutionProperties) = preSolution
		HideSolutionNode = FALSE
	EndGlobalSection
EndGlobal
