
Microsoft Visual Studio Solution File, Format Version 9.00
# Visual Studio 2005
Project("{8BC9CEB8-8B4A-11D0-8D11-00A0C91BC942}") = "Red_Black_Tree", "Red_Black_Tree\Red_Black_Tree.vcproj", "{C12C2EA4-4B67-49F5-9553-6E5AD13F9F62}"
EndProject
Global
	GlobalSection(SolutionConfigurationPlatforms) = preSolution
		Debug|Win32 = Debug|Win32
		Release|Win32 = Release|Win32
	EndGlobalSection
	GlobalSection(ProjectConfigurationPlatforms) = postSolution
		{C12C2EA4-4B67-49F5-9553-6E5AD13F9F62}.Debug|Win32.ActiveCfg = Debug|Win32
		{C12C2EA4-4B67-49F5-9553-6E5AD13F9F62}.Debug|Win32.Build.0 = Debug|Win32
		{C12C2EA4-4B67-49F5-9553-6E5AD13F9F62}.Release|Win32.ActiveCfg = Release|Win32
		{C12C2EA4-4B67-49F5-9553-6E5AD13F9F62}.Release|Win32.Build.0 = Release|Win32
	EndGlobalSection
	GlobalSection(SolutionProperties) = preSolution
		HideSolutionNode = FALSE
	EndGlobalSection
EndGlobal
