
Microsoft Visual Studio Solution File, Format Version 9.00
# Visual Studio 2005
Project("{8BC9CEB8-8B4A-11D0-8D11-00A0C91BC942}") = "testEdit", "testEdit\testEdit.vcproj", "{3FF9B493-9A5E-427B-BD9D-0A02B623CFBF}"
EndProject
Global
	GlobalSection(SolutionConfigurationPlatforms) = preSolution
		Debug|Win32 = Debug|Win32
		Release|Win32 = Release|Win32
	EndGlobalSection
	GlobalSection(ProjectConfigurationPlatforms) = postSolution
		{3FF9B493-9A5E-427B-BD9D-0A02B623CFBF}.Debug|Win32.ActiveCfg = Debug|Win32
		{3FF9B493-9A5E-427B-BD9D-0A02B623CFBF}.Debug|Win32.Build.0 = Debug|Win32
		{3FF9B493-9A5E-427B-BD9D-0A02B623CFBF}.Release|Win32.ActiveCfg = Release|Win32
		{3FF9B493-9A5E-427B-BD9D-0A02B623CFBF}.Release|Win32.Build.0 = Release|Win32
	EndGlobalSection
	GlobalSection(SolutionProperties) = preSolution
		HideSolutionNode = FALSE
	EndGlobalSection
EndGlobal
