
Microsoft Visual Studio Solution File, Format Version 9.00
# Visual Studio 2005
Project("{FAE04EC0-301F-11D3-BF4B-00C04F79EFBC}") = "test", "ConsoleApplication1\test.csproj", "{CD713D28-AEB0-48A1-9171-5C681B2C7E8F}"
EndProject
Project("{FAE04EC0-301F-11D3-BF4B-00C04F79EFBC}") = "thu", "thu\thu.csproj", "{BD16E6E9-B199-4FD6-BCF7-E49C07BA3537}"
EndProject
Global
	GlobalSection(SolutionConfigurationPlatforms) = preSolution
		Debug|Any CPU = Debug|Any CPU
		Release|Any CPU = Release|Any CPU
	EndGlobalSection
	GlobalSection(ProjectConfigurationPlatforms) = postSolution
		{CD713D28-AEB0-48A1-9171-5C681B2C7E8F}.Debug|Any CPU.ActiveCfg = Debug|Any CPU
		{CD713D28-AEB0-48A1-9171-5C681B2C7E8F}.Debug|Any CPU.Build.0 = Debug|Any CPU
		{CD713D28-AEB0-48A1-9171-5C681B2C7E8F}.Release|Any CPU.ActiveCfg = Release|Any CPU
		{CD713D28-AEB0-48A1-9171-5C681B2C7E8F}.Release|Any CPU.Build.0 = Release|Any CPU
		{BD16E6E9-B199-4FD6-BCF7-E49C07BA3537}.Debug|Any CPU.ActiveCfg = Debug|Any CPU
		{BD16E6E9-B199-4FD6-BCF7-E49C07BA3537}.Debug|Any CPU.Build.0 = Debug|Any CPU
		{BD16E6E9-B199-4FD6-BCF7-E49C07BA3537}.Release|Any CPU.ActiveCfg = Release|Any CPU
		{BD16E6E9-B199-4FD6-BCF7-E49C07BA3537}.Release|Any CPU.Build.0 = Release|Any CPU
	EndGlobalSection
	GlobalSection(SolutionProperties) = preSolution
		HideSolutionNode = FALSE
	EndGlobalSection
EndGlobal
