
Microsoft Visual Studio Solution File, Format Version 9.00
# Visual Studio 2005
Project("{8BC9CEB8-8B4A-11D0-8D11-00A0C91BC942}") = "Server", "Server\Server.vcproj", "{152FD6F5-08BD-4456-80C8-75F184853FA5}"
EndProject
Global
	GlobalSection(SolutionConfigurationPlatforms) = preSolution
		Debug|Win32 = Debug|Win32
		Release|Win32 = Release|Win32
	EndGlobalSection
	GlobalSection(ProjectConfigurationPlatforms) = postSolution
		{152FD6F5-08BD-4456-80C8-75F184853FA5}.Debug|Win32.ActiveCfg = Debug|Win32
		{152FD6F5-08BD-4456-80C8-75F184853FA5}.Debug|Win32.Build.0 = Debug|Win32
		{152FD6F5-08BD-4456-80C8-75F184853FA5}.Release|Win32.ActiveCfg = Release|Win32
		{152FD6F5-08BD-4456-80C8-75F184853FA5}.Release|Win32.Build.0 = Release|Win32
	EndGlobalSection
	GlobalSection(SolutionProperties) = preSolution
		HideSolutionNode = FALSE
	EndGlobalSection
EndGlobal
